// !$*UTF8*$!
{
	archiveVersion = 1;
	classes = {
	};
	objectVersion = 48;
	objects = {

/* Begin PBXBuildFile section */
		FB0639041F66811900A1E2A1 /* TestViewController.m in Sources */ = {isa = PBXBuildFile; fileRef = FB0639031F66811900A1E2A1 /* TestViewController.m */; };
		FB0639071F66813200A1E2A1 /* TestTableViewController.m in Sources */ = {isa = PBXBuildFile; fileRef = FB0639061F66813200A1E2A1 /* TestTableViewController.m */; };
		FB06390A1F66814500A1E2A1 /* TestWebViewController.m in Sources */ = {isa = PBXBuildFile; fileRef = FB0639091F66814500A1E2A1 /* TestWebViewController.m */; };
		FB06390D1F6685E400A1E2A1 /* TestTableViewDataConstructor.m in Sources */ = {isa = PBXBuildFile; fileRef = FB06390C1F6685E400A1E2A1 /* TestTableViewDataConstructor.m */; };
		FB0639101F6686D200A1E2A1 /* TestCell.m in Sources */ = {isa = PBXBuildFile; fileRef = FB06390F1F6686D200A1E2A1 /* TestCell.m */; };
		FB1AD4251F666CC0002F8278 /* ZCPKitDemoTests.m in Sources */ = {isa = PBXBuildFile; fileRef = FB1AD4241F666CC0002F8278 /* ZCPKitDemoTests.m */; };
		FB1AD6021F667FF5002F8278 /* Assets.xcassets in Resources */ = {isa = PBXBuildFile; fileRef = FB1AD5861F667FF5002F8278 /* Assets.xcassets */; };
		FB1AD6031F667FF5002F8278 /* LaunchScreen.storyboard in Resources */ = {isa = PBXBuildFile; fileRef = FB1AD5871F667FF5002F8278 /* LaunchScreen.storyboard */; };
		FB1AD6051F667FF5002F8278 /* main.m in Sources */ = {isa = PBXBuildFile; fileRef = FB1AD58A1F667FF5002F8278 /* main.m */; };
		FB1AD6061F667FF5002F8278 /* NSArray+Category.m in Sources */ = {isa = PBXBuildFile; fileRef = FB1AD5901F667FF5002F8278 /* NSArray+Category.m */; };
		FB1AD6071F667FF5002F8278 /* NSDate+Category.m in Sources */ = {isa = PBXBuildFile; fileRef = FB1AD5921F667FF5002F8278 /* NSDate+Category.m */; };
		FB1AD6081F667FF5002F8278 /* NSDateFormatter+Category.m in Sources */ = {isa = PBXBuildFile; fileRef = FB1AD5941F667FF5002F8278 /* NSDateFormatter+Category.m */; };
		FB1AD6091F667FF5002F8278 /* NSString+Category.m in Sources */ = {isa = PBXBuildFile; fileRef = FB1AD5961F667FF5002F8278 /* NSString+Category.m */; };
		FB1AD60A1F667FF5002F8278 /* NSURL+Category.m in Sources */ = {isa = PBXBuildFile; fileRef = FB1AD5981F667FF5002F8278 /* NSURL+Category.m */; };
		FB1AD60B1F667FF5002F8278 /* UIColor+Category.m in Sources */ = {isa = PBXBuildFile; fileRef = FB1AD59A1F667FF5002F8278 /* UIColor+Category.m */; };
		FB1AD60C1F667FF5002F8278 /* UILabel+Category.m in Sources */ = {isa = PBXBuildFile; fileRef = FB1AD59C1F667FF5002F8278 /* UILabel+Category.m */; };
		FB1AD60D1F667FF5002F8278 /* UIView+Category.m in Sources */ = {isa = PBXBuildFile; fileRef = FB1AD59E1F667FF5002F8278 /* UIView+Category.m */; };
		FB1AD60E1F667FF5002F8278 /* UIView+EasyFrame.m in Sources */ = {isa = PBXBuildFile; fileRef = FB1AD5A01F667FF5002F8278 /* UIView+EasyFrame.m */; };
		FB1AD60F1F667FF5002F8278 /* ZCPNavigationController.m in Sources */ = {isa = PBXBuildFile; fileRef = FB1AD5A51F667FF5002F8278 /* ZCPNavigationController.m */; };
		FB1AD6101F667FF5002F8278 /* ZCPTabBarController.m in Sources */ = {isa = PBXBuildFile; fileRef = FB1AD5A71F667FF5002F8278 /* ZCPTabBarController.m */; };
		FB1AD6111F667FF5002F8278 /* ZCPTableViewController.m in Sources */ = {isa = PBXBuildFile; fileRef = FB1AD5A91F667FF5002F8278 /* ZCPTableViewController.m */; };
		FB1AD6121F667FF5002F8278 /* ZCPViewController.m in Sources */ = {isa = PBXBuildFile; fileRef = FB1AD5AB1F667FF5002F8278 /* ZCPViewController.m */; };
		FB1AD6131F667FF5002F8278 /* ZCPWebViewController.m in Sources */ = {isa = PBXBuildFile; fileRef = FB1AD5AD1F667FF5002F8278 /* ZCPWebViewController.m */; };
		FB1AD6141F667FF5002F8278 /* ZCPBasicDataConstructor.m in Sources */ = {isa = PBXBuildFile; fileRef = FB1AD5B01F667FF5002F8278 /* ZCPBasicDataConstructor.m */; };
		FB1AD6151F667FF5002F8278 /* ZCPNetworkDataConstructor.m in Sources */ = {isa = PBXBuildFile; fileRef = FB1AD5B21F667FF5002F8278 /* ZCPNetworkDataConstructor.m */; };
		FB1AD6161F667FF5002F8278 /* ZCPCellDataModel.m in Sources */ = {isa = PBXBuildFile; fileRef = FB1AD5B51F667FF5002F8278 /* ZCPCellDataModel.m */; };
		FB1AD6171F667FF5002F8278 /* ZCPDataModel.m in Sources */ = {isa = PBXBuildFile; fileRef = FB1AD5B71F667FF5002F8278 /* ZCPDataModel.m */; };
		FB1AD6181F667FF5002F8278 /* ZCPListDataModel.m in Sources */ = {isa = PBXBuildFile; fileRef = FB1AD5B91F667FF5002F8278 /* ZCPListDataModel.m */; };
		FB1AD6191F667FF5002F8278 /* ZCPResponseDataModel.m in Sources */ = {isa = PBXBuildFile; fileRef = FB1AD5BB1F667FF5002F8278 /* ZCPResponseDataModel.m */; };
		FB1AD61A1F667FF5002F8278 /* ZCPVCDataModel.m in Sources */ = {isa = PBXBuildFile; fileRef = FB1AD5BD1F667FF5002F8278 /* ZCPVCDataModel.m */; };
		FB1AD61B1F667FF5002F8278 /* ZCPListTableViewAdaptor.m in Sources */ = {isa = PBXBuildFile; fileRef = FB1AD5C11F667FF5002F8278 /* ZCPListTableViewAdaptor.m */; };
		FB1AD61C1F667FF5002F8278 /* viewMap.plist in Resources */ = {isa = PBXBuildFile; fileRef = FB1AD5C41F667FF5002F8278 /* viewMap.plist */; };
		FB1AD61D1F667FF5002F8278 /* ZCPBaseNavigator.m in Sources */ = {isa = PBXBuildFile; fileRef = FB1AD5C61F667FF5002F8278 /* ZCPBaseNavigator.m */; };
		FB1AD61E1F667FF5002F8278 /* ZCPControllerFactory.m in Sources */ = {isa = PBXBuildFile; fileRef = FB1AD5C81F667FF5002F8278 /* ZCPControllerFactory.m */; };
		FB1AD61F1F667FF5002F8278 /* ZCPNavigator.m in Sources */ = {isa = PBXBuildFile; fileRef = FB1AD5CA1F667FF5002F8278 /* ZCPNavigator.m */; };
		FB1AD6201F667FF5002F8278 /* ZCPRequestCertificateManager.m in Sources */ = {isa = PBXBuildFile; fileRef = FB1AD5CE1F667FF5002F8278 /* ZCPRequestCertificateManager.m */; };
		FB1AD6211F667FF5002F8278 /* ZCPServiceHandler.m in Sources */ = {isa = PBXBuildFile; fileRef = FB1AD5D11F667FF5002F8278 /* ZCPServiceHandler.m */; };
		FB1AD6221F667FF5002F8278 /* ZCPURLHelper.m in Sources */ = {isa = PBXBuildFile; fileRef = FB1AD5D31F667FF5002F8278 /* ZCPURLHelper.m */; };
		FB1AD6231F667FF5002F8278 /* ZCPBlankCell.m in Sources */ = {isa = PBXBuildFile; fileRef = FB1AD5D71F667FF5002F8278 /* ZCPBlankCell.m */; };
		FB1AD6241F667FF5002F8278 /* ZCPButtonCell.m in Sources */ = {isa = PBXBuildFile; fileRef = FB1AD5D91F667FF5002F8278 /* ZCPButtonCell.m */; };
		FB1AD6271F667FF5002F8278 /* ZCPSectionCell.m in Sources */ = {isa = PBXBuildFile; fileRef = FB1AD5DF1F667FF5002F8278 /* ZCPSectionCell.m */; };
		FB1AD6281F667FF5002F8278 /* ZCPTableViewCell.m in Sources */ = {isa = PBXBuildFile; fileRef = FB1AD5E11F667FF5002F8278 /* ZCPTableViewCell.m */; };
		FB1AD6291F667FF5002F8278 /* ZCPTableViewWithLineCell.m in Sources */ = {isa = PBXBuildFile; fileRef = FB1AD5E31F667FF5002F8278 /* ZCPTableViewWithLineCell.m */; };
		FB1AD62A1F667FF5002F8278 /* ZCPTextFieldCell.m in Sources */ = {isa = PBXBuildFile; fileRef = FB1AD5E51F667FF5002F8278 /* ZCPTextFieldCell.m */; };
		FB1AD62B1F667FF5002F8278 /* ZCPTextViewCell.m in Sources */ = {isa = PBXBuildFile; fileRef = FB1AD5E71F667FF5002F8278 /* ZCPTextViewCell.m */; };
		FB1AD62C1F667FF5002F8278 /* ZCPCommentView.m in Sources */ = {isa = PBXBuildFile; fileRef = FB1AD5EA1F667FF5002F8278 /* ZCPCommentView.m */; };
		FB1AD62E1F667FF5002F8278 /* ZCPPickerView.m in Sources */ = {isa = PBXBuildFile; fileRef = FB1AD5EE1F667FF5002F8278 /* ZCPPickerView.m */; };
		FB1AD62F1F667FF5002F8278 /* ZCPTextField.m in Sources */ = {isa = PBXBuildFile; fileRef = FB1AD5F01F667FF5002F8278 /* ZCPTextField.m */; };
		FB1AD6301F667FF5002F8278 /* ZCPTextView.m in Sources */ = {isa = PBXBuildFile; fileRef = FB1AD5F21F667FF5002F8278 /* ZCPTextView.m */; };
		FB1AD6311F667FF5002F8278 /* ZCPIndicator.m in Sources */ = {isa = PBXBuildFile; fileRef = FB1AD5FC1F667FF5002F8278 /* ZCPIndicator.m */; };
		FB1AD6321F667FF5002F8278 /* ZCPToastUtil.m in Sources */ = {isa = PBXBuildFile; fileRef = FB1AD5FE1F667FF5002F8278 /* ZCPToastUtil.m */; };
		FB1AD6331F667FF5002F8278 /* AppDelegate.m in Sources */ = {isa = PBXBuildFile; fileRef = FB1AD6011F667FF5002F8278 /* AppDelegate.m */; };
/* End PBXBuildFile section */

/* Begin PBXContainerItemProxy section */
		FB1AD4211F666CC0002F8278 /* PBXContainerItemProxy */ = {
			isa = PBXContainerItemProxy;
			containerPortal = FB1AD4001F666CC0002F8278 /* Project object */;
			proxyType = 1;
			remoteGlobalIDString = FB1AD4071F666CC0002F8278;
			remoteInfo = ZCPKitDemo;
		};
/* End PBXContainerItemProxy section */

/* Begin PBXFileReference section */
		FB0638FD1F6680A100A1E2A1 /* Info.plist */ = {isa = PBXFileReference; lastKnownFileType = text.plist.xml; path = Info.plist; sourceTree = "<group>"; };
		FB0639021F66811900A1E2A1 /* TestViewController.h */ = {isa = PBXFileReference; lastKnownFileType = sourcecode.c.h; path = TestViewController.h; sourceTree = "<group>"; };
		FB0639031F66811900A1E2A1 /* TestViewController.m */ = {isa = PBXFileReference; lastKnownFileType = sourcecode.c.objc; path = TestViewController.m; sourceTree = "<group>"; };
		FB0639051F66813200A1E2A1 /* TestTableViewController.h */ = {isa = PBXFileReference; lastKnownFileType = sourcecode.c.h; path = TestTableViewController.h; sourceTree = "<group>"; };
		FB0639061F66813200A1E2A1 /* TestTableViewController.m */ = {isa = PBXFileReference; lastKnownFileType = sourcecode.c.objc; path = TestTableViewController.m; sourceTree = "<group>"; };
		FB0639081F66814500A1E2A1 /* TestWebViewController.h */ = {isa = PBXFileReference; lastKnownFileType = sourcecode.c.h; path = TestWebViewController.h; sourceTree = "<group>"; };
		FB0639091F66814500A1E2A1 /* TestWebViewController.m */ = {isa = PBXFileReference; lastKnownFileType = sourcecode.c.objc; path = TestWebViewController.m; sourceTree = "<group>"; };
		FB06390B1F6685E400A1E2A1 /* TestTableViewDataConstructor.h */ = {isa = PBXFileReference; lastKnownFileType = sourcecode.c.h; path = TestTableViewDataConstructor.h; sourceTree = "<group>"; };
		FB06390C1F6685E400A1E2A1 /* TestTableViewDataConstructor.m */ = {isa = PBXFileReference; lastKnownFileType = sourcecode.c.objc; path = TestTableViewDataConstructor.m; sourceTree = "<group>"; };
		FB06390E1F6686D200A1E2A1 /* TestCell.h */ = {isa = PBXFileReference; lastKnownFileType = sourcecode.c.h; path = TestCell.h; sourceTree = "<group>"; };
		FB06390F1F6686D200A1E2A1 /* TestCell.m */ = {isa = PBXFileReference; lastKnownFileType = sourcecode.c.objc; path = TestCell.m; sourceTree = "<group>"; };
		FB1AD4081F666CC0002F8278 /* ZCPKitDemo.app */ = {isa = PBXFileReference; explicitFileType = wrapper.application; includeInIndex = 0; path = ZCPKitDemo.app; sourceTree = BUILT_PRODUCTS_DIR; };
		FB1AD4201F666CC0002F8278 /* ZCPKitDemoTests.xctest */ = {isa = PBXFileReference; explicitFileType = wrapper.cfbundle; includeInIndex = 0; path = ZCPKitDemoTests.xctest; sourceTree = BUILT_PRODUCTS_DIR; };
		FB1AD4241F666CC0002F8278 /* ZCPKitDemoTests.m */ = {isa = PBXFileReference; lastKnownFileType = sourcecode.c.objc; path = ZCPKitDemoTests.m; sourceTree = "<group>"; };
		FB1AD4261F666CC0002F8278 /* Info.plist */ = {isa = PBXFileReference; lastKnownFileType = text.plist.xml; path = Info.plist; sourceTree = "<group>"; };
		FB1AD5861F667FF5002F8278 /* Assets.xcassets */ = {isa = PBXFileReference; lastKnownFileType = folder.assetcatalog; path = Assets.xcassets; sourceTree = "<group>"; };
		FB1AD5881F667FF5002F8278 /* Base */ = {isa = PBXFileReference; lastKnownFileType = file.storyboard; name = Base; path = Base.lproj/LaunchScreen.storyboard; sourceTree = "<group>"; };
		FB1AD58A1F667FF5002F8278 /* main.m */ = {isa = PBXFileReference; fileEncoding = 4; lastKnownFileType = sourcecode.c.objc; path = main.m; sourceTree = "<group>"; };
		FB1AD58B1F667FF5002F8278 /* ZCPKitDemo.pch */ = {isa = PBXFileReference; fileEncoding = 4; lastKnownFileType = sourcecode.c.h; path = ZCPKitDemo.pch; sourceTree = "<group>"; };
		FB1AD58C1F667FF5002F8278 /* AppDelegate.h */ = {isa = PBXFileReference; fileEncoding = 4; lastKnownFileType = sourcecode.c.h; path = AppDelegate.h; sourceTree = "<group>"; };
		FB1AD58F1F667FF5002F8278 /* NSArray+Category.h */ = {isa = PBXFileReference; fileEncoding = 4; lastKnownFileType = sourcecode.c.h; path = "NSArray+Category.h"; sourceTree = "<group>"; };
		FB1AD5901F667FF5002F8278 /* NSArray+Category.m */ = {isa = PBXFileReference; fileEncoding = 4; lastKnownFileType = sourcecode.c.objc; path = "NSArray+Category.m"; sourceTree = "<group>"; };
		FB1AD5911F667FF5002F8278 /* NSDate+Category.h */ = {isa = PBXFileReference; fileEncoding = 4; lastKnownFileType = sourcecode.c.h; path = "NSDate+Category.h"; sourceTree = "<group>"; };
		FB1AD5921F667FF5002F8278 /* NSDate+Category.m */ = {isa = PBXFileReference; fileEncoding = 4; lastKnownFileType = sourcecode.c.objc; path = "NSDate+Category.m"; sourceTree = "<group>"; };
		FB1AD5931F667FF5002F8278 /* NSDateFormatter+Category.h */ = {isa = PBXFileReference; fileEncoding = 4; lastKnownFileType = sourcecode.c.h; path = "NSDateFormatter+Category.h"; sourceTree = "<group>"; };
		FB1AD5941F667FF5002F8278 /* NSDateFormatter+Category.m */ = {isa = PBXFileReference; fileEncoding = 4; lastKnownFileType = sourcecode.c.objc; path = "NSDateFormatter+Category.m"; sourceTree = "<group>"; };
		FB1AD5951F667FF5002F8278 /* NSString+Category.h */ = {isa = PBXFileReference; fileEncoding = 4; lastKnownFileType = sourcecode.c.h; path = "NSString+Category.h"; sourceTree = "<group>"; };
		FB1AD5961F667FF5002F8278 /* NSString+Category.m */ = {isa = PBXFileReference; fileEncoding = 4; lastKnownFileType = sourcecode.c.objc; path = "NSString+Category.m"; sourceTree = "<group>"; };
		FB1AD5971F667FF5002F8278 /* NSURL+Category.h */ = {isa = PBXFileReference; fileEncoding = 4; lastKnownFileType = sourcecode.c.h; path = "NSURL+Category.h"; sourceTree = "<group>"; };
		FB1AD5981F667FF5002F8278 /* NSURL+Category.m */ = {isa = PBXFileReference; fileEncoding = 4; lastKnownFileType = sourcecode.c.objc; path = "NSURL+Category.m"; sourceTree = "<group>"; };
		FB1AD5991F667FF5002F8278 /* UIColor+Category.h */ = {isa = PBXFileReference; fileEncoding = 4; lastKnownFileType = sourcecode.c.h; path = "UIColor+Category.h"; sourceTree = "<group>"; };
		FB1AD59A1F667FF5002F8278 /* UIColor+Category.m */ = {isa = PBXFileReference; fileEncoding = 4; lastKnownFileType = sourcecode.c.objc; path = "UIColor+Category.m"; sourceTree = "<group>"; };
		FB1AD59B1F667FF5002F8278 /* UILabel+Category.h */ = {isa = PBXFileReference; fileEncoding = 4; lastKnownFileType = sourcecode.c.h; path = "UILabel+Category.h"; sourceTree = "<group>"; };
		FB1AD59C1F667FF5002F8278 /* UILabel+Category.m */ = {isa = PBXFileReference; fileEncoding = 4; lastKnownFileType = sourcecode.c.objc; path = "UILabel+Category.m"; sourceTree = "<group>"; };
		FB1AD59D1F667FF5002F8278 /* UIView+Category.h */ = {isa = PBXFileReference; fileEncoding = 4; lastKnownFileType = sourcecode.c.h; path = "UIView+Category.h"; sourceTree = "<group>"; };
		FB1AD59E1F667FF5002F8278 /* UIView+Category.m */ = {isa = PBXFileReference; fileEncoding = 4; lastKnownFileType = sourcecode.c.objc; path = "UIView+Category.m"; sourceTree = "<group>"; };
		FB1AD59F1F667FF5002F8278 /* UIView+EasyFrame.h */ = {isa = PBXFileReference; fileEncoding = 4; lastKnownFileType = sourcecode.c.h; path = "UIView+EasyFrame.h"; sourceTree = "<group>"; };
		FB1AD5A01F667FF5002F8278 /* UIView+EasyFrame.m */ = {isa = PBXFileReference; fileEncoding = 4; lastKnownFileType = sourcecode.c.objc; path = "UIView+EasyFrame.m"; sourceTree = "<group>"; };
		FB1AD5A11F667FF5002F8278 /* ZCPCategory.h */ = {isa = PBXFileReference; fileEncoding = 4; lastKnownFileType = sourcecode.c.h; path = ZCPCategory.h; sourceTree = "<group>"; };
		FB1AD5A41F667FF5002F8278 /* ZCPNavigationController.h */ = {isa = PBXFileReference; fileEncoding = 4; lastKnownFileType = sourcecode.c.h; path = ZCPNavigationController.h; sourceTree = "<group>"; };
		FB1AD5A51F667FF5002F8278 /* ZCPNavigationController.m */ = {isa = PBXFileReference; fileEncoding = 4; lastKnownFileType = sourcecode.c.objc; path = ZCPNavigationController.m; sourceTree = "<group>"; };
		FB1AD5A61F667FF5002F8278 /* ZCPTabBarController.h */ = {isa = PBXFileReference; fileEncoding = 4; lastKnownFileType = sourcecode.c.h; path = ZCPTabBarController.h; sourceTree = "<group>"; };
		FB1AD5A71F667FF5002F8278 /* ZCPTabBarController.m */ = {isa = PBXFileReference; fileEncoding = 4; lastKnownFileType = sourcecode.c.objc; path = ZCPTabBarController.m; sourceTree = "<group>"; };
		FB1AD5A81F667FF5002F8278 /* ZCPTableViewController.h */ = {isa = PBXFileReference; fileEncoding = 4; lastKnownFileType = sourcecode.c.h; path = ZCPTableViewController.h; sourceTree = "<group>"; };
		FB1AD5A91F667FF5002F8278 /* ZCPTableViewController.m */ = {isa = PBXFileReference; fileEncoding = 4; lastKnownFileType = sourcecode.c.objc; path = ZCPTableViewController.m; sourceTree = "<group>"; };
		FB1AD5AA1F667FF5002F8278 /* ZCPViewController.h */ = {isa = PBXFileReference; fileEncoding = 4; lastKnownFileType = sourcecode.c.h; path = ZCPViewController.h; sourceTree = "<group>"; };
		FB1AD5AB1F667FF5002F8278 /* ZCPViewController.m */ = {isa = PBXFileReference; fileEncoding = 4; lastKnownFileType = sourcecode.c.objc; path = ZCPViewController.m; sourceTree = "<group>"; };
		FB1AD5AC1F667FF5002F8278 /* ZCPWebViewController.h */ = {isa = PBXFileReference; fileEncoding = 4; lastKnownFileType = sourcecode.c.h; path = ZCPWebViewController.h; sourceTree = "<group>"; };
		FB1AD5AD1F667FF5002F8278 /* ZCPWebViewController.m */ = {isa = PBXFileReference; fileEncoding = 4; lastKnownFileType = sourcecode.c.objc; path = ZCPWebViewController.m; sourceTree = "<group>"; };
		FB1AD5AF1F667FF5002F8278 /* ZCPBasicDataConstructor.h */ = {isa = PBXFileReference; fileEncoding = 4; lastKnownFileType = sourcecode.c.h; path = ZCPBasicDataConstructor.h; sourceTree = "<group>"; };
		FB1AD5B01F667FF5002F8278 /* ZCPBasicDataConstructor.m */ = {isa = PBXFileReference; fileEncoding = 4; lastKnownFileType = sourcecode.c.objc; path = ZCPBasicDataConstructor.m; sourceTree = "<group>"; };
		FB1AD5B11F667FF5002F8278 /* ZCPNetworkDataConstructor.h */ = {isa = PBXFileReference; fileEncoding = 4; lastKnownFileType = sourcecode.c.h; path = ZCPNetworkDataConstructor.h; sourceTree = "<group>"; };
		FB1AD5B21F667FF5002F8278 /* ZCPNetworkDataConstructor.m */ = {isa = PBXFileReference; fileEncoding = 4; lastKnownFileType = sourcecode.c.objc; path = ZCPNetworkDataConstructor.m; sourceTree = "<group>"; };
		FB1AD5B41F667FF5002F8278 /* ZCPCellDataModel.h */ = {isa = PBXFileReference; fileEncoding = 4; lastKnownFileType = sourcecode.c.h; path = ZCPCellDataModel.h; sourceTree = "<group>"; };
		FB1AD5B51F667FF5002F8278 /* ZCPCellDataModel.m */ = {isa = PBXFileReference; fileEncoding = 4; lastKnownFileType = sourcecode.c.objc; path = ZCPCellDataModel.m; sourceTree = "<group>"; };
		FB1AD5B61F667FF5002F8278 /* ZCPDataModel.h */ = {isa = PBXFileReference; fileEncoding = 4; lastKnownFileType = sourcecode.c.h; path = ZCPDataModel.h; sourceTree = "<group>"; };
		FB1AD5B71F667FF5002F8278 /* ZCPDataModel.m */ = {isa = PBXFileReference; fileEncoding = 4; lastKnownFileType = sourcecode.c.objc; path = ZCPDataModel.m; sourceTree = "<group>"; };
		FB1AD5B81F667FF5002F8278 /* ZCPListDataModel.h */ = {isa = PBXFileReference; fileEncoding = 4; lastKnownFileType = sourcecode.c.h; path = ZCPListDataModel.h; sourceTree = "<group>"; };
		FB1AD5B91F667FF5002F8278 /* ZCPListDataModel.m */ = {isa = PBXFileReference; fileEncoding = 4; lastKnownFileType = sourcecode.c.objc; path = ZCPListDataModel.m; sourceTree = "<group>"; };
		FB1AD5BA1F667FF5002F8278 /* ZCPResponseDataModel.h */ = {isa = PBXFileReference; fileEncoding = 4; lastKnownFileType = sourcecode.c.h; path = ZCPResponseDataModel.h; sourceTree = "<group>"; };
		FB1AD5BB1F667FF5002F8278 /* ZCPResponseDataModel.m */ = {isa = PBXFileReference; fileEncoding = 4; lastKnownFileType = sourcecode.c.objc; path = ZCPResponseDataModel.m; sourceTree = "<group>"; };
		FB1AD5BC1F667FF5002F8278 /* ZCPVCDataModel.h */ = {isa = PBXFileReference; fileEncoding = 4; lastKnownFileType = sourcecode.c.h; path = ZCPVCDataModel.h; sourceTree = "<group>"; };
		FB1AD5BD1F667FF5002F8278 /* ZCPVCDataModel.m */ = {isa = PBXFileReference; fileEncoding = 4; lastKnownFileType = sourcecode.c.objc; path = ZCPVCDataModel.m; sourceTree = "<group>"; };
		FB1AD5C01F667FF5002F8278 /* ZCPListTableViewAdaptor.h */ = {isa = PBXFileReference; fileEncoding = 4; lastKnownFileType = sourcecode.c.h; path = ZCPListTableViewAdaptor.h; sourceTree = "<group>"; };
		FB1AD5C11F667FF5002F8278 /* ZCPListTableViewAdaptor.m */ = {isa = PBXFileReference; fileEncoding = 4; lastKnownFileType = sourcecode.c.objc; path = ZCPListTableViewAdaptor.m; sourceTree = "<group>"; };
		FB1AD5C21F667FF5002F8278 /* ZCPTableViewCellItemBasicProtocol.h */ = {isa = PBXFileReference; fileEncoding = 4; lastKnownFileType = sourcecode.c.h; path = ZCPTableViewCellItemBasicProtocol.h; sourceTree = "<group>"; };
		FB1AD5C41F667FF5002F8278 /* viewMap.plist */ = {isa = PBXFileReference; fileEncoding = 4; lastKnownFileType = text.plist.xml; path = viewMap.plist; sourceTree = "<group>"; };
		FB1AD5C51F667FF5002F8278 /* ZCPBaseNavigator.h */ = {isa = PBXFileReference; fileEncoding = 4; lastKnownFileType = sourcecode.c.h; path = ZCPBaseNavigator.h; sourceTree = "<group>"; };
		FB1AD5C61F667FF5002F8278 /* ZCPBaseNavigator.m */ = {isa = PBXFileReference; fileEncoding = 4; lastKnownFileType = sourcecode.c.objc; path = ZCPBaseNavigator.m; sourceTree = "<group>"; };
		FB1AD5C71F667FF5002F8278 /* ZCPControllerFactory.h */ = {isa = PBXFileReference; fileEncoding = 4; lastKnownFileType = sourcecode.c.h; path = ZCPControllerFactory.h; sourceTree = "<group>"; };
		FB1AD5C81F667FF5002F8278 /* ZCPControllerFactory.m */ = {isa = PBXFileReference; fileEncoding = 4; lastKnownFileType = sourcecode.c.objc; path = ZCPControllerFactory.m; sourceTree = "<group>"; };
		FB1AD5C91F667FF5002F8278 /* ZCPNavigator.h */ = {isa = PBXFileReference; fileEncoding = 4; lastKnownFileType = sourcecode.c.h; path = ZCPNavigator.h; sourceTree = "<group>"; };
		FB1AD5CA1F667FF5002F8278 /* ZCPNavigator.m */ = {isa = PBXFileReference; fileEncoding = 4; lastKnownFileType = sourcecode.c.objc; path = ZCPNavigator.m; sourceTree = "<group>"; };
		FB1AD5CB1F667FF5002F8278 /* ZCPViewMap.h */ = {isa = PBXFileReference; fileEncoding = 4; lastKnownFileType = sourcecode.c.h; path = ZCPViewMap.h; sourceTree = "<group>"; };
		FB1AD5CD1F667FF5002F8278 /* ZCPRequestCertificateManager.h */ = {isa = PBXFileReference; fileEncoding = 4; lastKnownFileType = sourcecode.c.h; path = ZCPRequestCertificateManager.h; sourceTree = "<group>"; };
		FB1AD5CE1F667FF5002F8278 /* ZCPRequestCertificateManager.m */ = {isa = PBXFileReference; fileEncoding = 4; lastKnownFileType = sourcecode.c.objc; path = ZCPRequestCertificateManager.m; sourceTree = "<group>"; };
		FB1AD5D01F667FF5002F8278 /* ZCPServiceHandler.h */ = {isa = PBXFileReference; fileEncoding = 4; lastKnownFileType = sourcecode.c.h; path = ZCPServiceHandler.h; sourceTree = "<group>"; };
		FB1AD5D11F667FF5002F8278 /* ZCPServiceHandler.m */ = {isa = PBXFileReference; fileEncoding = 4; lastKnownFileType = sourcecode.c.objc; path = ZCPServiceHandler.m; sourceTree = "<group>"; };
		FB1AD5D21F667FF5002F8278 /* ZCPURLHelper.h */ = {isa = PBXFileReference; fileEncoding = 4; lastKnownFileType = sourcecode.c.h; path = ZCPURLHelper.h; sourceTree = "<group>"; };
		FB1AD5D31F667FF5002F8278 /* ZCPURLHelper.m */ = {isa = PBXFileReference; fileEncoding = 4; lastKnownFileType = sourcecode.c.objc; path = ZCPURLHelper.m; sourceTree = "<group>"; };
		FB1AD5D61F667FF5002F8278 /* ZCPBlankCell.h */ = {isa = PBXFileReference; fileEncoding = 4; lastKnownFileType = sourcecode.c.h; path = ZCPBlankCell.h; sourceTree = "<group>"; };
		FB1AD5D71F667FF5002F8278 /* ZCPBlankCell.m */ = {isa = PBXFileReference; fileEncoding = 4; lastKnownFileType = sourcecode.c.objc; path = ZCPBlankCell.m; sourceTree = "<group>"; };
		FB1AD5D81F667FF5002F8278 /* ZCPButtonCell.h */ = {isa = PBXFileReference; fileEncoding = 4; lastKnownFileType = sourcecode.c.h; path = ZCPButtonCell.h; sourceTree = "<group>"; };
		FB1AD5D91F667FF5002F8278 /* ZCPButtonCell.m */ = {isa = PBXFileReference; fileEncoding = 4; lastKnownFileType = sourcecode.c.objc; path = ZCPButtonCell.m; sourceTree = "<group>"; };
		FB1AD5DE1F667FF5002F8278 /* ZCPSectionCell.h */ = {isa = PBXFileReference; fileEncoding = 4; lastKnownFileType = sourcecode.c.h; path = ZCPSectionCell.h; sourceTree = "<group>"; };
		FB1AD5DF1F667FF5002F8278 /* ZCPSectionCell.m */ = {isa = PBXFileReference; fileEncoding = 4; lastKnownFileType = sourcecode.c.objc; path = ZCPSectionCell.m; sourceTree = "<group>"; };
		FB1AD5E01F667FF5002F8278 /* ZCPTableViewCell.h */ = {isa = PBXFileReference; fileEncoding = 4; lastKnownFileType = sourcecode.c.h; path = ZCPTableViewCell.h; sourceTree = "<group>"; };
		FB1AD5E11F667FF5002F8278 /* ZCPTableViewCell.m */ = {isa = PBXFileReference; fileEncoding = 4; lastKnownFileType = sourcecode.c.objc; path = ZCPTableViewCell.m; sourceTree = "<group>"; };
		FB1AD5E21F667FF5002F8278 /* ZCPTableViewWithLineCell.h */ = {isa = PBXFileReference; fileEncoding = 4; lastKnownFileType = sourcecode.c.h; path = ZCPTableViewWithLineCell.h; sourceTree = "<group>"; };
		FB1AD5E31F667FF5002F8278 /* ZCPTableViewWithLineCell.m */ = {isa = PBXFileReference; fileEncoding = 4; lastKnownFileType = sourcecode.c.objc; path = ZCPTableViewWithLineCell.m; sourceTree = "<group>"; };
		FB1AD5E41F667FF5002F8278 /* ZCPTextFieldCell.h */ = {isa = PBXFileReference; fileEncoding = 4; lastKnownFileType = sourcecode.c.h; path = ZCPTextFieldCell.h; sourceTree = "<group>"; };
		FB1AD5E51F667FF5002F8278 /* ZCPTextFieldCell.m */ = {isa = PBXFileReference; fileEncoding = 4; lastKnownFileType = sourcecode.c.objc; path = ZCPTextFieldCell.m; sourceTree = "<group>"; };
		FB1AD5E61F667FF5002F8278 /* ZCPTextViewCell.h */ = {isa = PBXFileReference; fileEncoding = 4; lastKnownFileType = sourcecode.c.h; path = ZCPTextViewCell.h; sourceTree = "<group>"; };
		FB1AD5E71F667FF5002F8278 /* ZCPTextViewCell.m */ = {isa = PBXFileReference; fileEncoding = 4; lastKnownFileType = sourcecode.c.objc; path = ZCPTextViewCell.m; sourceTree = "<group>"; };
		FB1AD5E91F667FF5002F8278 /* ZCPCommentView.h */ = {isa = PBXFileReference; fileEncoding = 4; lastKnownFileType = sourcecode.c.h; path = ZCPCommentView.h; sourceTree = "<group>"; };
		FB1AD5EA1F667FF5002F8278 /* ZCPCommentView.m */ = {isa = PBXFileReference; fileEncoding = 4; lastKnownFileType = sourcecode.c.objc; path = ZCPCommentView.m; sourceTree = "<group>"; };
		FB1AD5ED1F667FF5002F8278 /* ZCPPickerView.h */ = {isa = PBXFileReference; fileEncoding = 4; lastKnownFileType = sourcecode.c.h; path = ZCPPickerView.h; sourceTree = "<group>"; };
		FB1AD5EE1F667FF5002F8278 /* ZCPPickerView.m */ = {isa = PBXFileReference; fileEncoding = 4; lastKnownFileType = sourcecode.c.objc; path = ZCPPickerView.m; sourceTree = "<group>"; };
		FB1AD5EF1F667FF5002F8278 /* ZCPTextField.h */ = {isa = PBXFileReference; fileEncoding = 4; lastKnownFileType = sourcecode.c.h; path = ZCPTextField.h; sourceTree = "<group>"; };
		FB1AD5F01F667FF5002F8278 /* ZCPTextField.m */ = {isa = PBXFileReference; fileEncoding = 4; lastKnownFileType = sourcecode.c.objc; path = ZCPTextField.m; sourceTree = "<group>"; };
		FB1AD5F11F667FF5002F8278 /* ZCPTextView.h */ = {isa = PBXFileReference; fileEncoding = 4; lastKnownFileType = sourcecode.c.h; path = ZCPTextView.h; sourceTree = "<group>"; };
		FB1AD5F21F667FF5002F8278 /* ZCPTextView.m */ = {isa = PBXFileReference; fileEncoding = 4; lastKnownFileType = sourcecode.c.objc; path = ZCPTextView.m; sourceTree = "<group>"; };
		FB1AD5F31F667FF5002F8278 /* ZCPCommon.h */ = {isa = PBXFileReference; fileEncoding = 4; lastKnownFileType = sourcecode.c.h; path = ZCPCommon.h; sourceTree = "<group>"; };
		FB1AD5F41F667FF5002F8278 /* ZCPCommonBasic.h */ = {isa = PBXFileReference; fileEncoding = 4; lastKnownFileType = sourcecode.c.h; path = ZCPCommonBasic.h; sourceTree = "<group>"; };
		FB1AD5F51F667FF5002F8278 /* ZCPCommonExtra.h */ = {isa = PBXFileReference; fileEncoding = 4; lastKnownFileType = sourcecode.c.h; path = ZCPCommonExtra.h; sourceTree = "<group>"; };
		FB1AD5F71F667FF5002F8278 /* ZCPGlobalMacros.h */ = {isa = PBXFileReference; fileEncoding = 4; lastKnownFileType = sourcecode.c.h; path = ZCPGlobalMacros.h; sourceTree = "<group>"; };
		FB1AD5F81F667FF5002F8278 /* ZCPMacros.h */ = {isa = PBXFileReference; fileEncoding = 4; lastKnownFileType = sourcecode.c.h; path = ZCPMacros.h; sourceTree = "<group>"; };
		FB1AD5F91F667FF5002F8278 /* ZCPSingleton.h */ = {isa = PBXFileReference; fileEncoding = 4; lastKnownFileType = sourcecode.c.h; path = ZCPSingleton.h; sourceTree = "<group>"; };
		FB1AD5FB1F667FF5002F8278 /* ZCPIndicator.h */ = {isa = PBXFileReference; fileEncoding = 4; lastKnownFileType = sourcecode.c.h; path = ZCPIndicator.h; sourceTree = "<group>"; };
		FB1AD5FC1F667FF5002F8278 /* ZCPIndicator.m */ = {isa = PBXFileReference; fileEncoding = 4; lastKnownFileType = sourcecode.c.objc; path = ZCPIndicator.m; sourceTree = "<group>"; };
		FB1AD5FD1F667FF5002F8278 /* ZCPToastUtil.h */ = {isa = PBXFileReference; fileEncoding = 4; lastKnownFileType = sourcecode.c.h; path = ZCPToastUtil.h; sourceTree = "<group>"; };
		FB1AD5FE1F667FF5002F8278 /* ZCPToastUtil.m */ = {isa = PBXFileReference; fileEncoding = 4; lastKnownFileType = sourcecode.c.objc; path = ZCPToastUtil.m; sourceTree = "<group>"; };
		FB1AD5FF1F667FF5002F8278 /* ZCPUtil.h */ = {isa = PBXFileReference; fileEncoding = 4; lastKnownFileType = sourcecode.c.h; path = ZCPUtil.h; sourceTree = "<group>"; };
		FB1AD6001F667FF5002F8278 /* ZCPKit.h */ = {isa = PBXFileReference; fileEncoding = 4; lastKnownFileType = sourcecode.c.h; path = ZCPKit.h; sourceTree = "<group>"; };
		FB1AD6011F667FF5002F8278 /* AppDelegate.m */ = {isa = PBXFileReference; fileEncoding = 4; lastKnownFileType = sourcecode.c.objc; path = AppDelegate.m; sourceTree = "<group>"; };
/* End PBXFileReference section */

/* Begin PBXFrameworksBuildPhase section */
		FB1AD4051F666CC0002F8278 /* Frameworks */ = {
			isa = PBXFrameworksBuildPhase;
			buildActionMask = 2147483647;
			files = (
			);
			runOnlyForDeploymentPostprocessing = 0;
		};
		FB1AD41D1F666CC0002F8278 /* Frameworks */ = {
			isa = PBXFrameworksBuildPhase;
			buildActionMask = 2147483647;
			files = (
			);
			runOnlyForDeploymentPostprocessing = 0;
		};
/* End PBXFrameworksBuildPhase section */

/* Begin PBXGroup section */
		FB0638FE1F6680E000A1E2A1 /* Class */ = {
			isa = PBXGroup;
			children = (
				FB0639001F66810300A1E2A1 /* VCTest */,
				FB0638FF1F66810300A1E2A1 /* TVCTest */,
				FB0639011F66810300A1E2A1 /* WVCTest */,
			);
			path = Class;
			sourceTree = "<group>";
		};
		FB0638FF1F66810300A1E2A1 /* TVCTest */ = {
			isa = PBXGroup;
			children = (
				FB0639051F66813200A1E2A1 /* TestTableViewController.h */,
				FB0639061F66813200A1E2A1 /* TestTableViewController.m */,
				FB06390B1F6685E400A1E2A1 /* TestTableViewDataConstructor.h */,
				FB06390C1F6685E400A1E2A1 /* TestTableViewDataConstructor.m */,
				FB06390E1F6686D200A1E2A1 /* TestCell.h */,
				FB06390F1F6686D200A1E2A1 /* TestCell.m */,
			);
			path = TVCTest;
			sourceTree = "<group>";
		};
		FB0639001F66810300A1E2A1 /* VCTest */ = {
			isa = PBXGroup;
			children = (
				FB0639021F66811900A1E2A1 /* TestViewController.h */,
				FB0639031F66811900A1E2A1 /* TestViewController.m */,
			);
			path = VCTest;
			sourceTree = "<group>";
		};
		FB0639011F66810300A1E2A1 /* WVCTest */ = {
			isa = PBXGroup;
			children = (
				FB0639081F66814500A1E2A1 /* TestWebViewController.h */,
				FB0639091F66814500A1E2A1 /* TestWebViewController.m */,
			);
			path = WVCTest;
			sourceTree = "<group>";
		};
		FB1AD3FF1F666CC0002F8278 = {
			isa = PBXGroup;
			children = (
				FB1AD40A1F666CC0002F8278 /* ZCPKitDemo */,
				FB1AD4231F666CC0002F8278 /* ZCPKitDemoTests */,
				FB1AD4091F666CC0002F8278 /* Products */,
			);
			sourceTree = "<group>";
		};
		FB1AD4091F666CC0002F8278 /* Products */ = {
			isa = PBXGroup;
			children = (
				FB1AD4081F666CC0002F8278 /* ZCPKitDemo.app */,
				FB1AD4201F666CC0002F8278 /* ZCPKitDemoTests.xctest */,
			);
			name = Products;
			sourceTree = "<group>";
		};
		FB1AD40A1F666CC0002F8278 /* ZCPKitDemo */ = {
			isa = PBXGroup;
			children = (
				FB0638FE1F6680E000A1E2A1 /* Class */,
				FB1AD58D1F667FF5002F8278 /* Framework */,
				FB1AD5851F667FF5002F8278 /* Other */,
				FB1AD58C1F667FF5002F8278 /* AppDelegate.h */,
				FB1AD6011F667FF5002F8278 /* AppDelegate.m */,
			);
			path = ZCPKitDemo;
			sourceTree = "<group>";
		};
		FB1AD4231F666CC0002F8278 /* ZCPKitDemoTests */ = {
			isa = PBXGroup;
			children = (
				FB1AD4241F666CC0002F8278 /* ZCPKitDemoTests.m */,
				FB1AD4261F666CC0002F8278 /* Info.plist */,
			);
			path = ZCPKitDemoTests;
			sourceTree = "<group>";
		};
		FB1AD5851F667FF5002F8278 /* Other */ = {
			isa = PBXGroup;
			children = (
				FB1AD5861F667FF5002F8278 /* Assets.xcassets */,
				FB1AD5871F667FF5002F8278 /* LaunchScreen.storyboard */,
				FB1AD58A1F667FF5002F8278 /* main.m */,
				FB0638FD1F6680A100A1E2A1 /* Info.plist */,
				FB1AD58B1F667FF5002F8278 /* ZCPKitDemo.pch */,
			);
			path = Other;
			sourceTree = "<group>";
		};
		FB1AD58D1F667FF5002F8278 /* Framework */ = {
			isa = PBXGroup;
			children = (
				FB1AD58E1F667FF5002F8278 /* Category */,
				FB1AD5A21F667FF5002F8278 /* Common */,
				FB1AD5F61F667FF5002F8278 /* Macros */,
				FB1AD5FA1F667FF5002F8278 /* Util */,
				FB1AD6001F667FF5002F8278 /* ZCPKit.h */,
			);
			path = Framework;
			sourceTree = "<group>";
		};
		FB1AD58E1F667FF5002F8278 /* Category */ = {
			isa = PBXGroup;
			children = (
				FB1AD58F1F667FF5002F8278 /* NSArray+Category.h */,
				FB1AD5901F667FF5002F8278 /* NSArray+Category.m */,
				FB1AD5911F667FF5002F8278 /* NSDate+Category.h */,
				FB1AD5921F667FF5002F8278 /* NSDate+Category.m */,
				FB1AD5931F667FF5002F8278 /* NSDateFormatter+Category.h */,
				FB1AD5941F667FF5002F8278 /* NSDateFormatter+Category.m */,
				FB1AD5951F667FF5002F8278 /* NSString+Category.h */,
				FB1AD5961F667FF5002F8278 /* NSString+Category.m */,
				FB1AD5971F667FF5002F8278 /* NSURL+Category.h */,
				FB1AD5981F667FF5002F8278 /* NSURL+Category.m */,
				FB1AD5991F667FF5002F8278 /* UIColor+Category.h */,
				FB1AD59A1F667FF5002F8278 /* UIColor+Category.m */,
				FB1AD59B1F667FF5002F8278 /* UILabel+Category.h */,
				FB1AD59C1F667FF5002F8278 /* UILabel+Category.m */,
				FB1AD59D1F667FF5002F8278 /* UIView+Category.h */,
				FB1AD59E1F667FF5002F8278 /* UIView+Category.m */,
				FB1AD59F1F667FF5002F8278 /* UIView+EasyFrame.h */,
				FB1AD5A01F667FF5002F8278 /* UIView+EasyFrame.m */,
				FB1AD5A11F667FF5002F8278 /* ZCPCategory.h */,
			);
			path = Category;
			sourceTree = "<group>";
		};
		FB1AD5A21F667FF5002F8278 /* Common */ = {
			isa = PBXGroup;
			children = (
				FB1AD5A31F667FF5002F8278 /* Controller */,
				FB1AD5AE1F667FF5002F8278 /* DataConstructor */,
				FB1AD5B31F667FF5002F8278 /* Model */,
				FB1AD5BE1F667FF5002F8278 /* Util */,
				FB1AD5D41F667FF5002F8278 /* View */,
				FB1AD5F31F667FF5002F8278 /* ZCPCommon.h */,
				FB1AD5F41F667FF5002F8278 /* ZCPCommonBasic.h */,
				FB1AD5F51F667FF5002F8278 /* ZCPCommonExtra.h */,
			);
			path = Common;
			sourceTree = "<group>";
		};
		FB1AD5A31F667FF5002F8278 /* Controller */ = {
			isa = PBXGroup;
			children = (
				FB1AD5A41F667FF5002F8278 /* ZCPNavigationController.h */,
				FB1AD5A51F667FF5002F8278 /* ZCPNavigationController.m */,
				FB1AD5A61F667FF5002F8278 /* ZCPTabBarController.h */,
				FB1AD5A71F667FF5002F8278 /* ZCPTabBarController.m */,
				FB1AD5A81F667FF5002F8278 /* ZCPTableViewController.h */,
				FB1AD5A91F667FF5002F8278 /* ZCPTableViewController.m */,
				FB1AD5AA1F667FF5002F8278 /* ZCPViewController.h */,
				FB1AD5AB1F667FF5002F8278 /* ZCPViewController.m */,
				FB1AD5AC1F667FF5002F8278 /* ZCPWebViewController.h */,
				FB1AD5AD1F667FF5002F8278 /* ZCPWebViewController.m */,
			);
			path = Controller;
			sourceTree = "<group>";
		};
		FB1AD5AE1F667FF5002F8278 /* DataConstructor */ = {
			isa = PBXGroup;
			children = (
				FB1AD5AF1F667FF5002F8278 /* ZCPBasicDataConstructor.h */,
				FB1AD5B01F667FF5002F8278 /* ZCPBasicDataConstructor.m */,
				FB1AD5B11F667FF5002F8278 /* ZCPNetworkDataConstructor.h */,
				FB1AD5B21F667FF5002F8278 /* ZCPNetworkDataConstructor.m */,
			);
			path = DataConstructor;
			sourceTree = "<group>";
		};
		FB1AD5B31F667FF5002F8278 /* Model */ = {
			isa = PBXGroup;
			children = (
				FB1AD5B41F667FF5002F8278 /* ZCPCellDataModel.h */,
				FB1AD5B51F667FF5002F8278 /* ZCPCellDataModel.m */,
				FB1AD5B61F667FF5002F8278 /* ZCPDataModel.h */,
				FB1AD5B71F667FF5002F8278 /* ZCPDataModel.m */,
				FB1AD5B81F667FF5002F8278 /* ZCPListDataModel.h */,
				FB1AD5B91F667FF5002F8278 /* ZCPListDataModel.m */,
				FB1AD5BA1F667FF5002F8278 /* ZCPResponseDataModel.h */,
				FB1AD5BB1F667FF5002F8278 /* ZCPResponseDataModel.m */,
				FB1AD5BC1F667FF5002F8278 /* ZCPVCDataModel.h */,
				FB1AD5BD1F667FF5002F8278 /* ZCPVCDataModel.m */,
			);
			path = Model;
			sourceTree = "<group>";
		};
		FB1AD5BE1F667FF5002F8278 /* Util */ = {
			isa = PBXGroup;
			children = (
				FB1AD5BF1F667FF5002F8278 /* Adaptor */,
				FB1AD5C31F667FF5002F8278 /* Navigator */,
				FB1AD5CC1F667FF5002F8278 /* Request */,
				FB1AD5CF1F667FF5002F8278 /* URL */,
			);
			path = Util;
			sourceTree = "<group>";
		};
		FB1AD5BF1F667FF5002F8278 /* Adaptor */ = {
			isa = PBXGroup;
			children = (
				FB1AD5C01F667FF5002F8278 /* ZCPListTableViewAdaptor.h */,
				FB1AD5C11F667FF5002F8278 /* ZCPListTableViewAdaptor.m */,
				FB1AD5C21F667FF5002F8278 /* ZCPTableViewCellItemBasicProtocol.h */,
			);
			path = Adaptor;
			sourceTree = "<group>";
		};
		FB1AD5C31F667FF5002F8278 /* Navigator */ = {
			isa = PBXGroup;
			children = (
				FB1AD5C41F667FF5002F8278 /* viewMap.plist */,
				FB1AD5C51F667FF5002F8278 /* ZCPBaseNavigator.h */,
				FB1AD5C61F667FF5002F8278 /* ZCPBaseNavigator.m */,
				FB1AD5C71F667FF5002F8278 /* ZCPControllerFactory.h */,
				FB1AD5C81F667FF5002F8278 /* ZCPControllerFactory.m */,
				FB1AD5C91F667FF5002F8278 /* ZCPNavigator.h */,
				FB1AD5CA1F667FF5002F8278 /* ZCPNavigator.m */,
				FB1AD5CB1F667FF5002F8278 /* ZCPViewMap.h */,
			);
			path = Navigator;
			sourceTree = "<group>";
		};
		FB1AD5CC1F667FF5002F8278 /* Request */ = {
			isa = PBXGroup;
			children = (
				FB1AD5CD1F667FF5002F8278 /* ZCPRequestCertificateManager.h */,
				FB1AD5CE1F667FF5002F8278 /* ZCPRequestCertificateManager.m */,
			);
			path = Request;
			sourceTree = "<group>";
		};
		FB1AD5CF1F667FF5002F8278 /* URL */ = {
			isa = PBXGroup;
			children = (
				FB1AD5D01F667FF5002F8278 /* ZCPServiceHandler.h */,
				FB1AD5D11F667FF5002F8278 /* ZCPServiceHandler.m */,
				FB1AD5D21F667FF5002F8278 /* ZCPURLHelper.h */,
				FB1AD5D31F667FF5002F8278 /* ZCPURLHelper.m */,
			);
			path = URL;
			sourceTree = "<group>";
		};
		FB1AD5D41F667FF5002F8278 /* View */ = {
			isa = PBXGroup;
			children = (
				FB1AD5D51F667FF5002F8278 /* Cell */,
				FB1AD5E81F667FF5002F8278 /* View */,
			);
			path = View;
			sourceTree = "<group>";
		};
		FB1AD5D51F667FF5002F8278 /* Cell */ = {
			isa = PBXGroup;
			children = (
				FB1AD5E01F667FF5002F8278 /* ZCPTableViewCell.h */,
				FB1AD5E11F667FF5002F8278 /* ZCPTableViewCell.m */,
				FB1AD5D61F667FF5002F8278 /* ZCPBlankCell.h */,
				FB1AD5D71F667FF5002F8278 /* ZCPBlankCell.m */,
				FB1AD5E21F667FF5002F8278 /* ZCPTableViewWithLineCell.h */,
				FB1AD5E31F667FF5002F8278 /* ZCPTableViewWithLineCell.m */,
				FB1AD5D81F667FF5002F8278 /* ZCPButtonCell.h */,
				FB1AD5D91F667FF5002F8278 /* ZCPButtonCell.m */,
				FB1AD5DE1F667FF5002F8278 /* ZCPSectionCell.h */,
				FB1AD5DF1F667FF5002F8278 /* ZCPSectionCell.m */,
				FB1AD5E41F667FF5002F8278 /* ZCPTextFieldCell.h */,
				FB1AD5E51F667FF5002F8278 /* ZCPTextFieldCell.m */,
				FB1AD5E61F667FF5002F8278 /* ZCPTextViewCell.h */,
				FB1AD5E71F667FF5002F8278 /* ZCPTextViewCell.m */,
			);
			path = Cell;
			sourceTree = "<group>";
		};
		FB1AD5E81F667FF5002F8278 /* View */ = {
			isa = PBXGroup;
			children = (
				FB1AD5E91F667FF5002F8278 /* ZCPCommentView.h */,
				FB1AD5EA1F667FF5002F8278 /* ZCPCommentView.m */,
				FB1AD5ED1F667FF5002F8278 /* ZCPPickerView.h */,
				FB1AD5EE1F667FF5002F8278 /* ZCPPickerView.m */,
				FB1AD5EF1F667FF5002F8278 /* ZCPTextField.h */,
				FB1AD5F01F667FF5002F8278 /* ZCPTextField.m */,
				FB1AD5F11F667FF5002F8278 /* ZCPTextView.h */,
				FB1AD5F21F667FF5002F8278 /* ZCPTextView.m */,
			);
			path = View;
			sourceTree = "<group>";
		};
		FB1AD5F61F667FF5002F8278 /* Macros */ = {
			isa = PBXGroup;
			children = (
				FB1AD5F71F667FF5002F8278 /* ZCPGlobalMacros.h */,
				FB1AD5F81F667FF5002F8278 /* ZCPMacros.h */,
				FB1AD5F91F667FF5002F8278 /* ZCPSingleton.h */,
			);
			path = Macros;
			sourceTree = "<group>";
		};
		FB1AD5FA1F667FF5002F8278 /* Util */ = {
			isa = PBXGroup;
			children = (
				FB1AD5FB1F667FF5002F8278 /* ZCPIndicator.h */,
				FB1AD5FC1F667FF5002F8278 /* ZCPIndicator.m */,
				FB1AD5FD1F667FF5002F8278 /* ZCPToastUtil.h */,
				FB1AD5FE1F667FF5002F8278 /* ZCPToastUtil.m */,
				FB1AD5FF1F667FF5002F8278 /* ZCPUtil.h */,
			);
			path = Util;
			sourceTree = "<group>";
		};
/* End PBXGroup section */

/* Begin PBXNativeTarget section */
		FB1AD4071F666CC0002F8278 /* ZCPKitDemo */ = {
			isa = PBXNativeTarget;
			buildConfigurationList = FB1AD4291F666CC0002F8278 /* Build configuration list for PBXNativeTarget "ZCPKitDemo" */;
			buildPhases = (
				FB1AD4041F666CC0002F8278 /* Sources */,
				FB1AD4051F666CC0002F8278 /* Frameworks */,
				FB1AD4061F666CC0002F8278 /* Resources */,
			);
			buildRules = (
			);
			dependencies = (
			);
			name = ZCPKitDemo;
			productName = ZCPKitDemo;
			productReference = FB1AD4081F666CC0002F8278 /* ZCPKitDemo.app */;
			productType = "com.apple.product-type.application";
		};
		FB1AD41F1F666CC0002F8278 /* ZCPKitDemoTests */ = {
			isa = PBXNativeTarget;
			buildConfigurationList = FB1AD42C1F666CC0002F8278 /* Build configuration list for PBXNativeTarget "ZCPKitDemoTests" */;
			buildPhases = (
				FB1AD41C1F666CC0002F8278 /* Sources */,
				FB1AD41D1F666CC0002F8278 /* Frameworks */,
				FB1AD41E1F666CC0002F8278 /* Resources */,
			);
			buildRules = (
			);
			dependencies = (
				FB1AD4221F666CC0002F8278 /* PBXTargetDependency */,
			);
			name = ZCPKitDemoTests;
			productName = ZCPKitDemoTests;
			productReference = FB1AD4201F666CC0002F8278 /* ZCPKitDemoTests.xctest */;
			productType = "com.apple.product-type.bundle.unit-test";
		};
/* End PBXNativeTarget section */

/* Begin PBXProject section */
		FB1AD4001F666CC0002F8278 /* Project object */ = {
			isa = PBXProject;
			attributes = {
				LastUpgradeCheck = 0900;
				ORGANIZATIONNAME = zcp;
				TargetAttributes = {
					FB1AD4071F666CC0002F8278 = {
						CreatedOnToolsVersion = 9.0;
					};
					FB1AD41F1F666CC0002F8278 = {
						CreatedOnToolsVersion = 9.0;
						TestTargetID = FB1AD4071F666CC0002F8278;
					};
				};
			};
			buildConfigurationList = FB1AD4031F666CC0002F8278 /* Build configuration list for PBXProject "ZCPKitDemo" */;
			compatibilityVersion = "Xcode 8.0";
			developmentRegion = en;
			hasScannedForEncodings = 0;
			knownRegions = (
				en,
				Base,
			);
			mainGroup = FB1AD3FF1F666CC0002F8278;
			productRefGroup = FB1AD4091F666CC0002F8278 /* Products */;
			projectDirPath = "";
			projectRoot = "";
			targets = (
				FB1AD4071F666CC0002F8278 /* ZCPKitDemo */,
				FB1AD41F1F666CC0002F8278 /* ZCPKitDemoTests */,
			);
		};
/* End PBXProject section */

/* Begin PBXResourcesBuildPhase section */
		FB1AD4061F666CC0002F8278 /* Resources */ = {
			isa = PBXResourcesBuildPhase;
			buildActionMask = 2147483647;
			files = (
				FB1AD61C1F667FF5002F8278 /* viewMap.plist in Resources */,
				FB1AD6021F667FF5002F8278 /* Assets.xcassets in Resources */,
				FB1AD6031F667FF5002F8278 /* LaunchScreen.storyboard in Resources */,
			);
			runOnlyForDeploymentPostprocessing = 0;
		};
		FB1AD41E1F666CC0002F8278 /* Resources */ = {
			isa = PBXResourcesBuildPhase;
			buildActionMask = 2147483647;
			files = (
			);
			runOnlyForDeploymentPostprocessing = 0;
		};
/* End PBXResourcesBuildPhase section */

/* Begin PBXSourcesBuildPhase section */
		FB1AD4041F666CC0002F8278 /* Sources */ = {
			isa = PBXSourcesBuildPhase;
			buildActionMask = 2147483647;
			files = (
				FB1AD6331F667FF5002F8278 /* AppDelegate.m in Sources */,
				FB0639041F66811900A1E2A1 /* TestViewController.m in Sources */,
				FB1AD60A1F667FF5002F8278 /* NSURL+Category.m in Sources */,
				FB1AD6221F667FF5002F8278 /* ZCPURLHelper.m in Sources */,
				FB1AD6281F667FF5002F8278 /* ZCPTableViewCell.m in Sources */,
				FB1AD60D1F667FF5002F8278 /* UIView+Category.m in Sources */,
				FB1AD6211F667FF5002F8278 /* ZCPServiceHandler.m in Sources */,
				FB1AD62F1F667FF5002F8278 /* ZCPTextField.m in Sources */,
				FB1AD62C1F667FF5002F8278 /* ZCPCommentView.m in Sources */,
				FB1AD61B1F667FF5002F8278 /* ZCPListTableViewAdaptor.m in Sources */,
				FB1AD60F1F667FF5002F8278 /* ZCPNavigationController.m in Sources */,
				FB1AD6231F667FF5002F8278 /* ZCPBlankCell.m in Sources */,
				FB1AD6291F667FF5002F8278 /* ZCPTableViewWithLineCell.m in Sources */,
				FB1AD6141F667FF5002F8278 /* ZCPBasicDataConstructor.m in Sources */,
				FB1AD6321F667FF5002F8278 /* ZCPToastUtil.m in Sources */,
				FB1AD61E1F667FF5002F8278 /* ZCPControllerFactory.m in Sources */,
				FB1AD60E1F667FF5002F8278 /* UIView+EasyFrame.m in Sources */,
				FB1AD62A1F667FF5002F8278 /* ZCPTextFieldCell.m in Sources */,
				FB1AD6181F667FF5002F8278 /* ZCPListDataModel.m in Sources */,
				FB1AD60B1F667FF5002F8278 /* UIColor+Category.m in Sources */,
				FB1AD6101F667FF5002F8278 /* ZCPTabBarController.m in Sources */,
				FB1AD6301F667FF5002F8278 /* ZCPTextView.m in Sources */,
				FB1AD6121F667FF5002F8278 /* ZCPViewController.m in Sources */,
				FB1AD6061F667FF5002F8278 /* NSArray+Category.m in Sources */,
				FB1AD6081F667FF5002F8278 /* NSDateFormatter+Category.m in Sources */,
				FB1AD6311F667FF5002F8278 /* ZCPIndicator.m in Sources */,
				FB0639071F66813200A1E2A1 /* TestTableViewController.m in Sources */,
				FB0639101F6686D200A1E2A1 /* TestCell.m in Sources */,
				FB1AD6271F667FF5002F8278 /* ZCPSectionCell.m in Sources */,
				FB06390D1F6685E400A1E2A1 /* TestTableViewDataConstructor.m in Sources */,
				FB1AD60C1F667FF5002F8278 /* UILabel+Category.m in Sources */,
				FB1AD62B1F667FF5002F8278 /* ZCPTextViewCell.m in Sources */,
				FB1AD61A1F667FF5002F8278 /* ZCPVCDataModel.m in Sources */,
				FB1AD6111F667FF5002F8278 /* ZCPTableViewController.m in Sources */,
				FB1AD6191F667FF5002F8278 /* ZCPResponseDataModel.m in Sources */,
				FB1AD61F1F667FF5002F8278 /* ZCPNavigator.m in Sources */,
				FB1AD61D1F667FF5002F8278 /* ZCPBaseNavigator.m in Sources */,
				FB1AD6131F667FF5002F8278 /* ZCPWebViewController.m in Sources */,
				FB1AD6151F667FF5002F8278 /* ZCPNetworkDataConstructor.m in Sources */,
				FB1AD6241F667FF5002F8278 /* ZCPButtonCell.m in Sources */,
				FB1AD6051F667FF5002F8278 /* main.m in Sources */,
				FB1AD6091F667FF5002F8278 /* NSString+Category.m in Sources */,
				FB1AD6171F667FF5002F8278 /* ZCPDataModel.m in Sources */,
				FB06390A1F66814500A1E2A1 /* TestWebViewController.m in Sources */,
				FB1AD6071F667FF5002F8278 /* NSDate+Category.m in Sources */,
				FB1AD62E1F667FF5002F8278 /* ZCPPickerView.m in Sources */,
				FB1AD6201F667FF5002F8278 /* ZCPRequestCertificateManager.m in Sources */,
				FB1AD6161F667FF5002F8278 /* ZCPCellDataModel.m in Sources */,
			);
			runOnlyForDeploymentPostprocessing = 0;
		};
		FB1AD41C1F666CC0002F8278 /* Sources */ = {
			isa = PBXSourcesBuildPhase;
			buildActionMask = 2147483647;
			files = (
				FB1AD4251F666CC0002F8278 /* ZCPKitDemoTests.m in Sources */,
			);
			runOnlyForDeploymentPostprocessing = 0;
		};
/* End PBXSourcesBuildPhase section */

/* Begin PBXTargetDependency section */
		FB1AD4221F666CC0002F8278 /* PBXTargetDependency */ = {
			isa = PBXTargetDependency;
			target = FB1AD4071F666CC0002F8278 /* ZCPKitDemo */;
			targetProxy = FB1AD4211F666CC0002F8278 /* PBXContainerItemProxy */;
		};
/* End PBXTargetDependency section */

/* Begin PBXVariantGroup section */
		FB1AD5871F667FF5002F8278 /* LaunchScreen.storyboard */ = {
			isa = PBXVariantGroup;
			children = (
				FB1AD5881F667FF5002F8278 /* Base */,
			);
			name = LaunchScreen.storyboard;
			sourceTree = "<group>";
		};
/* End PBXVariantGroup section */

/* Begin XCBuildConfiguration section */
		FB1AD4271F666CC0002F8278 /* Debug */ = {
			isa = XCBuildConfiguration;
			buildSettings = {
				ALWAYS_SEARCH_USER_PATHS = NO;
				CLANG_ANALYZER_NONNULL = YES;
				CLANG_ANALYZER_NUMBER_OBJECT_CONVERSION = YES_AGGRESSIVE;
				CLANG_CXX_LANGUAGE_STANDARD = "gnu++14";
				CLANG_CXX_LIBRARY = "libc++";
				CLANG_ENABLE_MODULES = YES;
				CLANG_ENABLE_OBJC_ARC = YES;
				CLANG_WARN_BLOCK_CAPTURE_AUTORELEASING = YES;
				CLANG_WARN_BOOL_CONVERSION = YES;
				CLANG_WARN_COMMA = YES;
				CLANG_WARN_CONSTANT_CONVERSION = YES;
				CLANG_WARN_DIRECT_OBJC_ISA_USAGE = YES_ERROR;
				CLANG_WARN_DOCUMENTATION_COMMENTS = YES;
				CLANG_WARN_EMPTY_BODY = YES;
				CLANG_WARN_ENUM_CONVERSION = YES;
				CLANG_WARN_INFINITE_RECURSION = YES;
				CLANG_WARN_INT_CONVERSION = YES;
				CLANG_WARN_NON_LITERAL_NULL_CONVERSION = YES;
				CLANG_WARN_OBJC_LITERAL_CONVERSION = YES;
				CLANG_WARN_OBJC_ROOT_CLASS = YES_ERROR;
				CLANG_WARN_RANGE_LOOP_ANALYSIS = YES;
				CLANG_WARN_STRICT_PROTOTYPES = YES;
				CLANG_WARN_SUSPICIOUS_MOVE = YES;
				CLANG_WARN_UNGUARDED_AVAILABILITY = YES_AGGRESSIVE;
				CLANG_WARN_UNREACHABLE_CODE = YES;
				CLANG_WARN__DUPLICATE_METHOD_MATCH = YES;
				CODE_SIGN_IDENTITY = "iPhone Developer";
				COPY_PHASE_STRIP = NO;
				DEBUG_INFORMATION_FORMAT = dwarf;
				ENABLE_STRICT_OBJC_MSGSEND = YES;
				ENABLE_TESTABILITY = YES;
				GCC_C_LANGUAGE_STANDARD = gnu11;
				GCC_DYNAMIC_NO_PIC = NO;
				GCC_NO_COMMON_BLOCKS = YES;
				GCC_OPTIMIZATION_LEVEL = 0;
				GCC_PREPROCESSOR_DEFINITIONS = (
					"DEBUG=1",
					"$(inherited)",
				);
				GCC_WARN_64_TO_32_BIT_CONVERSION = YES;
				GCC_WARN_ABOUT_RETURN_TYPE = YES_ERROR;
				GCC_WARN_UNDECLARED_SELECTOR = YES;
				GCC_WARN_UNINITIALIZED_AUTOS = YES_AGGRESSIVE;
				GCC_WARN_UNUSED_FUNCTION = YES;
				GCC_WARN_UNUSED_VARIABLE = YES;
				IPHONEOS_DEPLOYMENT_TARGET = 11.0;
				MTL_ENABLE_DEBUG_INFO = YES;
				ONLY_ACTIVE_ARCH = YES;
				SDKROOT = iphoneos;
			};
			name = Debug;
		};
		FB1AD4281F666CC0002F8278 /* Release */ = {
			isa = XCBuildConfiguration;
			buildSettings = {
				ALWAYS_SEARCH_USER_PATHS = NO;
				CLANG_ANALYZER_NONNULL = YES;
				CLANG_ANALYZER_NUMBER_OBJECT_CONVERSION = YES_AGGRESSIVE;
				CLANG_CXX_LANGUAGE_STANDARD = "gnu++14";
				CLANG_CXX_LIBRARY = "libc++";
				CLANG_ENABLE_MODULES = YES;
				CLANG_ENABLE_OBJC_ARC = YES;
				CLANG_WARN_BLOCK_CAPTURE_AUTORELEASING = YES;
				CLANG_WARN_BOOL_CONVERSION = YES;
				CLANG_WARN_COMMA = YES;
				CLANG_WARN_CONSTANT_CONVERSION = YES;
				CLANG_WARN_DIRECT_OBJC_ISA_USAGE = YES_ERROR;
				CLANG_WARN_DOCUMENTATION_COMMENTS = YES;
				CLANG_WARN_EMPTY_BODY = YES;
				CLANG_WARN_ENUM_CONVERSION = YES;
				CLANG_WARN_INFINITE_RECURSION = YES;
				CLANG_WARN_INT_CONVERSION = YES;
				CLANG_WARN_NON_LITERAL_NULL_CONVERSION = YES;
				CLANG_WARN_OBJC_LITERAL_CONVERSION = YES;
				CLANG_WARN_OBJC_ROOT_CLASS = YES_ERROR;
				CLANG_WARN_RANGE_LOOP_ANALYSIS = YES;
				CLANG_WARN_STRICT_PROTOTYPES = YES;
				CLANG_WARN_SUSPICIOUS_MOVE = YES;
				CLANG_WARN_UNGUARDED_AVAILABILITY = YES_AGGRESSIVE;
				CLANG_WARN_UNREACHABLE_CODE = YES;
				CLANG_WARN__DUPLICATE_METHOD_MATCH = YES;
				CODE_SIGN_IDENTITY = "iPhone Developer";
				COPY_PHASE_STRIP = NO;
				DEBUG_INFORMATION_FORMAT = "dwarf-with-dsym";
				ENABLE_NS_ASSERTIONS = NO;
				ENABLE_STRICT_OBJC_MSGSEND = YES;
				GCC_C_LANGUAGE_STANDARD = gnu11;
				GCC_NO_COMMON_BLOCKS = YES;
				GCC_WARN_64_TO_32_BIT_CONVERSION = YES;
				GCC_WARN_ABOUT_RETURN_TYPE = YES_ERROR;
				GCC_WARN_UNDECLARED_SELECTOR = YES;
				GCC_WARN_UNINITIALIZED_AUTOS = YES_AGGRESSIVE;
				GCC_WARN_UNUSED_FUNCTION = YES;
				GCC_WARN_UNUSED_VARIABLE = YES;
				IPHONEOS_DEPLOYMENT_TARGET = 11.0;
				MTL_ENABLE_DEBUG_INFO = NO;
				SDKROOT = iphoneos;
				VALIDATE_PRODUCT = YES;
			};
			name = Release;
		};
		FB1AD42A1F666CC0002F8278 /* Debug */ = {
			isa = XCBuildConfiguration;
			buildSettings = {
				ASSETCATALOG_COMPILER_APPICON_NAME = AppIcon;
				DEVELOPMENT_TEAM = WG5B567WWS;
				GCC_PREFIX_HEADER = ZCPKitDemo/Other/ZCPKitDemo.pch;
				INFOPLIST_FILE = ZCPKitDemo/Other/Info.plist;
				IPHONEOS_DEPLOYMENT_TARGET = 8.0;
				LD_RUNPATH_SEARCH_PATHS = "$(inherited) @executable_path/Frameworks";
				PRODUCT_BUNDLE_IDENTIFIER = com.zcp.ZCPKitDemo;
				PRODUCT_NAME = "$(TARGET_NAME)";
				TARGETED_DEVICE_FAMILY = "1,2";
			};
			name = Debug;
		};
		FB1AD42B1F666CC0002F8278 /* Release */ = {
			isa = XCBuildConfiguration;
			buildSettings = {
				ASSETCATALOG_COMPILER_APPICON_NAME = AppIcon;
				DEVELOPMENT_TEAM = WG5B567WWS;
				GCC_PREFIX_HEADER = ZCPKitDemo/Other/ZCPKitDemo.pch;
				INFOPLIST_FILE = ZCPKitDemo/Other/Info.plist;
				IPHONEOS_DEPLOYMENT_TARGET = 8.0;
				LD_RUNPATH_SEARCH_PATHS = "$(inherited) @executable_path/Frameworks";
				PRODUCT_BUNDLE_IDENTIFIER = com.zcp.ZCPKitDemo;
				PRODUCT_NAME = "$(TARGET_NAME)";
				TARGETED_DEVICE_FAMILY = "1,2";
			};
			name = Release;
		};
		FB1AD42D1F666CC0002F8278 /* Debug */ = {
			isa = XCBuildConfiguration;
			buildSettings = {
				BUNDLE_LOADER = "$(TEST_HOST)";
				DEVELOPMENT_TEAM = WG5B567WWS;
				INFOPLIST_FILE = ZCPKitDemoTests/Info.plist;
				LD_RUNPATH_SEARCH_PATHS = "$(inherited) @executable_path/Frameworks @loader_path/Frameworks";
				PRODUCT_BUNDLE_IDENTIFIER = com.zcp.ZCPKitDemoTests;
				PRODUCT_NAME = "$(TARGET_NAME)";
				TARGETED_DEVICE_FAMILY = "1,2";
				TEST_HOST = "$(BUILT_PRODUCTS_DIR)/ZCPKitDemo.app/ZCPKitDemo";
			};
			name = Debug;
		};
		FB1AD42E1F666CC0002F8278 /* Release */ = {
			isa = XCBuildConfiguration;
			buildSettings = {
				BUNDLE_LOADER = "$(TEST_HOST)";
				DEVELOPMENT_TEAM = WG5B567WWS;
				INFOPLIST_FILE = ZCPKitDemoTests/Info.plist;
				LD_RUNPATH_SEARCH_PATHS = "$(inherited) @executable_path/Frameworks @loader_path/Frameworks";
				PRODUCT_BUNDLE_IDENTIFIER = com.zcp.ZCPKitDemoTests;
				PRODUCT_NAME = "$(TARGET_NAME)";
				TARGETED_DEVICE_FAMILY = "1,2";
				TEST_HOST = "$(BUILT_PRODUCTS_DIR)/ZCPKitDemo.app/ZCPKitDemo";
			};
			name = Release;
		};
/* End XCBuildConfiguration section */

/* Begin XCConfigurationList section */
		FB1AD4031F666CC0002F8278 /* Build configuration list for PBXProject "ZCPKitDemo" */ = {
			isa = XCConfigurationList;
			buildConfigurations = (
				FB1AD4271F666CC0002F8278 /* Debug */,
				FB1AD4281F666CC0002F8278 /* Release */,
			);
			defaultConfigurationIsVisible = 0;
			defaultConfigurationName = Release;
		};
		FB1AD4291F666CC0002F8278 /* Build configuration list for PBXNativeTarget "ZCPKitDemo" */ = {
			isa = XCConfigurationList;
			buildConfigurations = (
				FB1AD42A1F666CC0002F8278 /* Debug */,
				FB1AD42B1F666CC0002F8278 /* Release */,
			);
			defaultConfigurationIsVisible = 0;
			defaultConfigurationName = Release;
		};
		FB1AD42C1F666CC0002F8278 /* Build configuration list for PBXNativeTarget "ZCPKitDemoTests" */ = {
			isa = XCConfigurationList;
			buildConfigurations = (
				FB1AD42D1F666CC0002F8278 /* Debug */,
				FB1AD42E1F666CC0002F8278 /* Release */,
			);
			defaultConfigurationIsVisible = 0;
			defaultConfigurationName = Release;
		};
/* End XCConfigurationList section */
	};
	rootObject = FB1AD4001F666CC0002F8278 /* Project object */;
}
