// !$*UTF8*$!
{
	archiveVersion = 1;
	classes = {
	};
	objectVersion = 46;
	objects = {

/* Begin PBXBuildFile section */
		FBEB3C341EEFE7AB003A6DCE /* BusinessLogicLayer.m in Sources */ = {isa = PBXBuildFile; fileRef = FBEB3C331EEFE7AB003A6DCE /* BusinessLogicLayer.m */; };
		FBEB3C351EEFE7AB003A6DCE /* BusinessLogicLayer.h in CopyFiles */ = {isa = PBXBuildFile; fileRef = FBEB3C321EEFE7AB003A6DCE /* BusinessLogicLayer.h */; };
		FBEB3C3D1EEFE7D7003A6DCE /* libPersistenceLayer.a in Frameworks */ = {isa = PBXBuildFile; fileRef = FBEB3C3C1EEFE7D7003A6DCE /* libPersistenceLayer.a */; };
		FBEB3C401EEFE7EE003A6DCE /* NoteBL.m in Sources */ = {isa = PBXBuildFile; fileRef = FBEB3C3F1EEFE7EE003A6DCE /* NoteBL.m */; };
		FBEB3C491EEFEA97003A6DCE /* NoteBL.h in Headers */ = {isa = PBXBuildFile; fileRef = FBEB3C3E1EEFE7EE003A6DCE /* NoteBL.h */; settings = {ATTRIBUTES = (Public, ); }; };
/* End PBXBuildFile section */

/* Begin PBXCopyFilesBuildPhase section */
		FBEB3C2D1EEFE7AB003A6DCE /* CopyFiles */ = {
			isa = PBXCopyFilesBuildPhase;
			buildActionMask = 2147483647;
			dstPath = "include/$(PRODUCT_NAME)";
			dstSubfolderSpec = 16;
			files = (
				FBEB3C351EEFE7AB003A6DCE /* BusinessLogicLayer.h in CopyFiles */,
			);
			runOnlyForDeploymentPostprocessing = 0;
		};
/* End PBXCopyFilesBuildPhase section */

/* Begin PBXFileReference section */
		FBEB3C2F1EEFE7AB003A6DCE /* libBusinessLogicLayer.a */ = {isa = PBXFileReference; explicitFileType = archive.ar; includeInIndex = 0; path = libBusinessLogicLayer.a; sourceTree = BUILT_PRODUCTS_DIR; };
		FBEB3C321EEFE7AB003A6DCE /* BusinessLogicLayer.h */ = {isa = PBXFileReference; lastKnownFileType = sourcecode.c.h; path = BusinessLogicLayer.h; sourceTree = "<group>"; };
		FBEB3C331EEFE7AB003A6DCE /* BusinessLogicLayer.m */ = {isa = PBXFileReference; lastKnownFileType = sourcecode.c.objc; path = BusinessLogicLayer.m; sourceTree = "<group>"; };
		FBEB3C3C1EEFE7D7003A6DCE /* libPersistenceLayer.a */ = {isa = PBXFileReference; lastKnownFileType = archive.ar; name = libPersistenceLayer.a; path = "../PersistenceLayer/build/Debug-iphoneos/libPersistenceLayer.a"; sourceTree = "<group>"; };
		FBEB3C3E1EEFE7EE003A6DCE /* NoteBL.h */ = {isa = PBXFileReference; fileEncoding = 4; lastKnownFileType = sourcecode.c.h; path = NoteBL.h; sourceTree = "<group>"; };
		FBEB3C3F1EEFE7EE003A6DCE /* NoteBL.m */ = {isa = PBXFileReference; fileEncoding = 4; lastKnownFileType = sourcecode.c.objc; path = NoteBL.m; sourceTree = "<group>"; };
/* End PBXFileReference section */

/* Begin PBXFrameworksBuildPhase section */
		FBEB3C2C1EEFE7AB003A6DCE /* Frameworks */ = {
			isa = PBXFrameworksBuildPhase;
			buildActionMask = 2147483647;
			files = (
				FBEB3C3D1EEFE7D7003A6DCE /* libPersistenceLayer.a in Frameworks */,
			);
			runOnlyForDeploymentPostprocessing = 0;
		};
/* End PBXFrameworksBuildPhase section */

/* Begin PBXGroup section */
		FBEB3C261EEFE7AB003A6DCE = {
			isa = PBXGroup;
			children = (
				FBEB3C311EEFE7AB003A6DCE /* BusinessLogicLayer */,
				FBEB3C301EEFE7AB003A6DCE /* Products */,
				FBEB3C3B1EEFE7D7003A6DCE /* Frameworks */,
			);
			sourceTree = "<group>";
		};
		FBEB3C301EEFE7AB003A6DCE /* Products */ = {
			isa = PBXGroup;
			children = (
				FBEB3C2F1EEFE7AB003A6DCE /* libBusinessLogicLayer.a */,
			);
			name = Products;
			sourceTree = "<group>";
		};
		FBEB3C311EEFE7AB003A6DCE /* BusinessLogicLayer */ = {
			isa = PBXGroup;
			children = (
				FBEB3C3E1EEFE7EE003A6DCE /* NoteBL.h */,
				FBEB3C3F1EEFE7EE003A6DCE /* NoteBL.m */,
				FBEB3C321EEFE7AB003A6DCE /* BusinessLogicLayer.h */,
				FBEB3C331EEFE7AB003A6DCE /* BusinessLogicLayer.m */,
			);
			path = BusinessLogicLayer;
			sourceTree = "<group>";
		};
		FBEB3C3B1EEFE7D7003A6DCE /* Frameworks */ = {
			isa = PBXGroup;
			children = (
				FBEB3C3C1EEFE7D7003A6DCE /* libPersistenceLayer.a */,
			);
			name = Frameworks;
			sourceTree = "<group>";
		};
/* End PBXGroup section */

/* Begin PBXHeadersBuildPhase section */
		FBEB3C481EEFEA8D003A6DCE /* Headers */ = {
			isa = PBXHeadersBuildPhase;
			buildActionMask = 2147483647;
			files = (
				FBEB3C491EEFEA97003A6DCE /* NoteBL.h in Headers */,
			);
			runOnlyForDeploymentPostprocessing = 0;
		};
/* End PBXHeadersBuildPhase section */

/* Begin PBXNativeTarget section */
		FBEB3C2E1EEFE7AB003A6DCE /* BusinessLogicLayer */ = {
			isa = PBXNativeTarget;
			buildConfigurationList = FBEB3C381EEFE7AB003A6DCE /* Build configuration list for PBXNativeTarget "BusinessLogicLayer" */;
			buildPhases = (
				FBEB3C2B1EEFE7AB003A6DCE /* Sources */,
				FBEB3C2C1EEFE7AB003A6DCE /* Frameworks */,
				FBEB3C2D1EEFE7AB003A6DCE /* CopyFiles */,
				FBEB3C481EEFEA8D003A6DCE /* Headers */,
			);
			buildRules = (
			);
			dependencies = (
			);
			name = BusinessLogicLayer;
			productName = BusinessLogicLayer;
			productReference = FBEB3C2F1EEFE7AB003A6DCE /* libBusinessLogicLayer.a */;
			productType = "com.apple.product-type.library.static";
		};
/* End PBXNativeTarget section */

/* Begin PBXProject section */
		FBEB3C271EEFE7AB003A6DCE /* Project object */ = {
			isa = PBXProject;
			attributes = {
				LastUpgradeCheck = 0830;
				ORGANIZATIONNAME = zcp;
				TargetAttributes = {
					FBEB3C2E1EEFE7AB003A6DCE = {
						CreatedOnToolsVersion = 8.3.2;
						DevelopmentTeam = WG5B567WWS;
						ProvisioningStyle = Automatic;
					};
				};
			};
			buildConfigurationList = FBEB3C2A1EEFE7AB003A6DCE /* Build configuration list for PBXProject "BusinessLogicLayer" */;
			compatibilityVersion = "Xcode 3.2";
			developmentRegion = English;
			hasScannedForEncodings = 0;
			knownRegions = (
				en,
			);
			mainGroup = FBEB3C261EEFE7AB003A6DCE;
			productRefGroup = FBEB3C301EEFE7AB003A6DCE /* Products */;
			projectDirPath = "";
			projectRoot = "";
			targets = (
				FBEB3C2E1EEFE7AB003A6DCE /* BusinessLogicLayer */,
			);
		};
/* End PBXProject section */

/* Begin PBXSourcesBuildPhase section */
		FBEB3C2B1EEFE7AB003A6DCE /* Sources */ = {
			isa = PBXSourcesBuildPhase;
			buildActionMask = 2147483647;
			files = (
				FBEB3C341EEFE7AB003A6DCE /* BusinessLogicLayer.m in Sources */,
				FBEB3C401EEFE7EE003A6DCE /* NoteBL.m in Sources */,
			);
			runOnlyForDeploymentPostprocessing = 0;
		};
/* End PBXSourcesBuildPhase section */

/* Begin XCBuildConfiguration section */
		FBEB3C361EEFE7AB003A6DCE /* Debug */ = {
			isa = XCBuildConfiguration;
			buildSettings = {
				ALWAYS_SEARCH_USER_PATHS = NO;
				CLANG_ANALYZER_NONNULL = YES;
				CLANG_ANALYZER_NUMBER_OBJECT_CONVERSION = YES_AGGRESSIVE;
				CLANG_CXX_LANGUAGE_STANDARD = "gnu++0x";
				CLANG_CXX_LIBRARY = "libc++";
				CLANG_ENABLE_MODULES = YES;
				CLANG_ENABLE_OBJC_ARC = YES;
				CLANG_WARN_BOOL_CONVERSION = YES;
				CLANG_WARN_CONSTANT_CONVERSION = YES;
				CLANG_WARN_DIRECT_OBJC_ISA_USAGE = YES_ERROR;
				CLANG_WARN_DOCUMENTATION_COMMENTS = YES;
				CLANG_WARN_EMPTY_BODY = YES;
				CLANG_WARN_ENUM_CONVERSION = YES;
				CLANG_WARN_INFINITE_RECURSION = YES;
				CLANG_WARN_INT_CONVERSION = YES;
				CLANG_WARN_OBJC_ROOT_CLASS = YES_ERROR;
				CLANG_WARN_SUSPICIOUS_MOVE = YES;
				CLANG_WARN_UNREACHABLE_CODE = YES;
				CLANG_WARN__DUPLICATE_METHOD_MATCH = YES;
				"CODE_SIGN_IDENTITY[sdk=iphoneos*]" = "iPhone Developer";
				COPY_PHASE_STRIP = NO;
				DEBUG_INFORMATION_FORMAT = dwarf;
				ENABLE_STRICT_OBJC_MSGSEND = YES;
				ENABLE_TESTABILITY = YES;
				GCC_C_LANGUAGE_STANDARD = gnu99;
				GCC_DYNAMIC_NO_PIC = NO;
				GCC_NO_COMMON_BLOCKS = YES;
				GCC_OPTIMIZATION_LEVEL = 0;
				GCC_PREPROCESSOR_DEFINITIONS = (
					"DEBUG=1",
					"$(inherited)",
				);
				GCC_WARN_64_TO_32_BIT_CONVERSION = YES;
				GCC_WARN_ABOUT_RETURN_TYPE = YES_ERROR;
				GCC_WARN_UNDECLARED_SELECTOR = YES;
				GCC_WARN_UNINITIALIZED_AUTOS = YES_AGGRESSIVE;
				GCC_WARN_UNUSED_FUNCTION = YES;
				GCC_WARN_UNUSED_VARIABLE = YES;
				IPHONEOS_DEPLOYMENT_TARGET = 10.3;
				MTL_ENABLE_DEBUG_INFO = YES;
				ONLY_ACTIVE_ARCH = YES;
				SDKROOT = iphoneos;
			};
			name = Debug;
		};
		FBEB3C371EEFE7AB003A6DCE /* Release */ = {
			isa = XCBuildConfiguration;
			buildSettings = {
				ALWAYS_SEARCH_USER_PATHS = NO;
				CLANG_ANALYZER_NONNULL = YES;
				CLANG_ANALYZER_NUMBER_OBJECT_CONVERSION = YES_AGGRESSIVE;
				CLANG_CXX_LANGUAGE_STANDARD = "gnu++0x";
				CLANG_CXX_LIBRARY = "libc++";
				CLANG_ENABLE_MODULES = YES;
				CLANG_ENABLE_OBJC_ARC = YES;
				CLANG_WARN_BOOL_CONVERSION = YES;
				CLANG_WARN_CONSTANT_CONVERSION = YES;
				CLANG_WARN_DIRECT_OBJC_ISA_USAGE = YES_ERROR;
				CLANG_WARN_DOCUMENTATION_COMMENTS = YES;
				CLANG_WARN_EMPTY_BODY = YES;
				CLANG_WARN_ENUM_CONVERSION = YES;
				CLANG_WARN_INFINITE_RECURSION = YES;
				CLANG_WARN_INT_CONVERSION = YES;
				CLANG_WARN_OBJC_ROOT_CLASS = YES_ERROR;
				CLANG_WARN_SUSPICIOUS_MOVE = YES;
				CLANG_WARN_UNREACHABLE_CODE = YES;
				CLANG_WARN__DUPLICATE_METHOD_MATCH = YES;
				"CODE_SIGN_IDENTITY[sdk=iphoneos*]" = "iPhone Developer";
				COPY_PHASE_STRIP = NO;
				DEBUG_INFORMATION_FORMAT = "dwarf-with-dsym";
				ENABLE_NS_ASSERTIONS = NO;
				ENABLE_STRICT_OBJC_MSGSEND = YES;
				GCC_C_LANGUAGE_STANDARD = gnu99;
				GCC_NO_COMMON_BLOCKS = YES;
				GCC_WARN_64_TO_32_BIT_CONVERSION = YES;
				GCC_WARN_ABOUT_RETURN_TYPE = YES_ERROR;
				GCC_WARN_UNDECLARED_SELECTOR = YES;
				GCC_WARN_UNINITIALIZED_AUTOS = YES_AGGRESSIVE;
				GCC_WARN_UNUSED_FUNCTION = YES;
				GCC_WARN_UNUSED_VARIABLE = YES;
				IPHONEOS_DEPLOYMENT_TARGET = 10.3;
				MTL_ENABLE_DEBUG_INFO = NO;
				SDKROOT = iphoneos;
				VALIDATE_PRODUCT = YES;
			};
			name = Release;
		};
		FBEB3C391EEFE7AB003A6DCE /* Debug */ = {
			isa = XCBuildConfiguration;
			buildSettings = {
				DEVELOPMENT_TEAM = WG5B567WWS;
				OTHER_LDFLAGS = "-ObjC";
				PRODUCT_NAME = "$(TARGET_NAME)";
				SKIP_INSTALL = YES;
				USER_HEADER_SEARCH_PATHS = "$(BUILT_PRODUCTS_DIR)/**";
			};
			name = Debug;
		};
		FBEB3C3A1EEFE7AB003A6DCE /* Release */ = {
			isa = XCBuildConfiguration;
			buildSettings = {
				DEVELOPMENT_TEAM = WG5B567WWS;
				OTHER_LDFLAGS = "-ObjC";
				PRODUCT_NAME = "$(TARGET_NAME)";
				SKIP_INSTALL = YES;
				USER_HEADER_SEARCH_PATHS = "$(BUILT_PRODUCTS_DIR)/**";
			};
			name = Release;
		};
/* End XCBuildConfiguration section */

/* Begin XCConfigurationList section */
		FBEB3C2A1EEFE7AB003A6DCE /* Build configuration list for PBXProject "BusinessLogicLayer" */ = {
			isa = XCConfigurationList;
			buildConfigurations = (
				FBEB3C361EEFE7AB003A6DCE /* Debug */,
				FBEB3C371EEFE7AB003A6DCE /* Release */,
			);
			defaultConfigurationIsVisible = 0;
			defaultConfigurationName = Release;
		};
		FBEB3C381EEFE7AB003A6DCE /* Build configuration list for PBXNativeTarget "BusinessLogicLayer" */ = {
			isa = XCConfigurationList;
			buildConfigurations = (
				FBEB3C391EEFE7AB003A6DCE /* Debug */,
				FBEB3C3A1EEFE7AB003A6DCE /* Release */,
			);
			defaultConfigurationIsVisible = 0;
			defaultConfigurationName = Release;
		};
/* End XCConfigurationList section */
	};
	rootObject = FBEB3C271EEFE7AB003A6DCE /* Project object */;
}
