// !$*UTF8*$!
{
	archiveVersion = 1;
	classes = {
	};
	objectVersion = 48;
	objects = {

/* Begin PBXBuildFile section */
		FB1AD2881F5D2337002F8278 /* ZCPMacros.h in Headers */ = {isa = PBXBuildFile; fileRef = FBE17FEE1F595B1F00257CB4 /* ZCPMacros.h */; settings = {ATTRIBUTES = (Public, ); }; };
		FBE17F071F5954B200257CB4 /* ZCPKit.framework in Frameworks */ = {isa = PBXBuildFile; fileRef = FBE17EFD1F5954B200257CB4 /* ZCPKit.framework */; };
		FBE17F0C1F5954B200257CB4 /* ZCPKitTests.m in Sources */ = {isa = PBXBuildFile; fileRef = FBE17F0B1F5954B200257CB4 /* ZCPKitTests.m */; };
		FBE17F0E1F5954B200257CB4 /* ZCPKit.h in Headers */ = {isa = PBXBuildFile; fileRef = FBE17F001F5954B200257CB4 /* ZCPKit.h */; settings = {ATTRIBUTES = (Public, ); }; };
		FBE17F881F5954D900257CB4 /* NSArray+Category.h in Headers */ = {isa = PBXBuildFile; fileRef = FBE17F181F5954D800257CB4 /* NSArray+Category.h */; settings = {ATTRIBUTES = (Public, ); }; };
		FBE17F891F5954D900257CB4 /* NSArray+Category.m in Sources */ = {isa = PBXBuildFile; fileRef = FBE17F191F5954D800257CB4 /* NSArray+Category.m */; };
		FBE17F8A1F5954D900257CB4 /* NSDate+Category.h in Headers */ = {isa = PBXBuildFile; fileRef = FBE17F1A1F5954D800257CB4 /* NSDate+Category.h */; settings = {ATTRIBUTES = (Public, ); }; };
		FBE17F8B1F5954D900257CB4 /* NSDate+Category.m in Sources */ = {isa = PBXBuildFile; fileRef = FBE17F1B1F5954D800257CB4 /* NSDate+Category.m */; };
		FBE17F8C1F5954D900257CB4 /* NSDateFormatter+Category.h in Headers */ = {isa = PBXBuildFile; fileRef = FBE17F1C1F5954D800257CB4 /* NSDateFormatter+Category.h */; settings = {ATTRIBUTES = (Public, ); }; };
		FBE17F8D1F5954D900257CB4 /* NSDateFormatter+Category.m in Sources */ = {isa = PBXBuildFile; fileRef = FBE17F1D1F5954D800257CB4 /* NSDateFormatter+Category.m */; };
		FBE17F8E1F5954D900257CB4 /* NSString+Category.h in Headers */ = {isa = PBXBuildFile; fileRef = FBE17F1E1F5954D800257CB4 /* NSString+Category.h */; settings = {ATTRIBUTES = (Public, ); }; };
		FBE17F8F1F5954D900257CB4 /* NSString+Category.m in Sources */ = {isa = PBXBuildFile; fileRef = FBE17F1F1F5954D800257CB4 /* NSString+Category.m */; };
		FBE17F901F5954D900257CB4 /* NSURL+Category.h in Headers */ = {isa = PBXBuildFile; fileRef = FBE17F201F5954D800257CB4 /* NSURL+Category.h */; settings = {ATTRIBUTES = (Public, ); }; };
		FBE17F911F5954D900257CB4 /* NSURL+Category.m in Sources */ = {isa = PBXBuildFile; fileRef = FBE17F211F5954D800257CB4 /* NSURL+Category.m */; };
		FBE17F921F5954D900257CB4 /* UIColor+Category.h in Headers */ = {isa = PBXBuildFile; fileRef = FBE17F221F5954D800257CB4 /* UIColor+Category.h */; settings = {ATTRIBUTES = (Public, ); }; };
		FBE17F931F5954D900257CB4 /* UIColor+Category.m in Sources */ = {isa = PBXBuildFile; fileRef = FBE17F231F5954D800257CB4 /* UIColor+Category.m */; };
		FBE17F941F5954D900257CB4 /* UILabel+Category.h in Headers */ = {isa = PBXBuildFile; fileRef = FBE17F241F5954D800257CB4 /* UILabel+Category.h */; settings = {ATTRIBUTES = (Public, ); }; };
		FBE17F951F5954D900257CB4 /* UILabel+Category.m in Sources */ = {isa = PBXBuildFile; fileRef = FBE17F251F5954D800257CB4 /* UILabel+Category.m */; };
		FBE17F961F5954D900257CB4 /* UIView+Category.h in Headers */ = {isa = PBXBuildFile; fileRef = FBE17F261F5954D800257CB4 /* UIView+Category.h */; settings = {ATTRIBUTES = (Public, ); }; };
		FBE17F971F5954D900257CB4 /* UIView+Category.m in Sources */ = {isa = PBXBuildFile; fileRef = FBE17F271F5954D800257CB4 /* UIView+Category.m */; };
		FBE17F981F5954D900257CB4 /* UIView+EasyFrame.h in Headers */ = {isa = PBXBuildFile; fileRef = FBE17F281F5954D800257CB4 /* UIView+EasyFrame.h */; settings = {ATTRIBUTES = (Public, ); }; };
		FBE17F991F5954D900257CB4 /* UIView+EasyFrame.m in Sources */ = {isa = PBXBuildFile; fileRef = FBE17F291F5954D800257CB4 /* UIView+EasyFrame.m */; };
		FBE17F9A1F5954D900257CB4 /* ZCPCategory.h in Headers */ = {isa = PBXBuildFile; fileRef = FBE17F2A1F5954D800257CB4 /* ZCPCategory.h */; settings = {ATTRIBUTES = (Public, ); }; };
		FBE17F9B1F5954D900257CB4 /* ZCPGlobalMacros.h in Headers */ = {isa = PBXBuildFile; fileRef = FBE17F2C1F5954D800257CB4 /* ZCPGlobalMacros.h */; settings = {ATTRIBUTES = (Public, ); }; };
		FBE17F9C1F5954D900257CB4 /* ZCPSingleton.h in Headers */ = {isa = PBXBuildFile; fileRef = FBE17F2D1F5954D800257CB4 /* ZCPSingleton.h */; settings = {ATTRIBUTES = (Public, ); }; };
		FBE17F9D1F5954D900257CB4 /* ZCPNavigationController.h in Headers */ = {isa = PBXBuildFile; fileRef = FBE17F301F5954D800257CB4 /* ZCPNavigationController.h */; settings = {ATTRIBUTES = (Public, ); }; };
		FBE17F9E1F5954D900257CB4 /* ZCPNavigationController.m in Sources */ = {isa = PBXBuildFile; fileRef = FBE17F311F5954D800257CB4 /* ZCPNavigationController.m */; };
		FBE17F9F1F5954D900257CB4 /* ZCPTabBarController.h in Headers */ = {isa = PBXBuildFile; fileRef = FBE17F321F5954D800257CB4 /* ZCPTabBarController.h */; settings = {ATTRIBUTES = (Public, ); }; };
		FBE17FA01F5954D900257CB4 /* ZCPTabBarController.m in Sources */ = {isa = PBXBuildFile; fileRef = FBE17F331F5954D800257CB4 /* ZCPTabBarController.m */; };
		FBE17FA11F5954D900257CB4 /* ZCPTableViewController.h in Headers */ = {isa = PBXBuildFile; fileRef = FBE17F341F5954D800257CB4 /* ZCPTableViewController.h */; settings = {ATTRIBUTES = (Public, ); }; };
		FBE17FA21F5954D900257CB4 /* ZCPTableViewController.m in Sources */ = {isa = PBXBuildFile; fileRef = FBE17F351F5954D800257CB4 /* ZCPTableViewController.m */; };
		FBE17FA31F5954D900257CB4 /* ZCPViewController.h in Headers */ = {isa = PBXBuildFile; fileRef = FBE17F361F5954D800257CB4 /* ZCPViewController.h */; settings = {ATTRIBUTES = (Public, ); }; };
		FBE17FA41F5954D900257CB4 /* ZCPViewController.m in Sources */ = {isa = PBXBuildFile; fileRef = FBE17F371F5954D800257CB4 /* ZCPViewController.m */; };
		FBE17FA51F5954D900257CB4 /* ZCPWebViewController.h in Headers */ = {isa = PBXBuildFile; fileRef = FBE17F381F5954D800257CB4 /* ZCPWebViewController.h */; settings = {ATTRIBUTES = (Public, ); }; };
		FBE17FA61F5954D900257CB4 /* ZCPWebViewController.m in Sources */ = {isa = PBXBuildFile; fileRef = FBE17F391F5954D800257CB4 /* ZCPWebViewController.m */; };
		FBE17FA71F5954D900257CB4 /* ZCPBasicDataConstructor.h in Headers */ = {isa = PBXBuildFile; fileRef = FBE17F3B1F5954D800257CB4 /* ZCPBasicDataConstructor.h */; settings = {ATTRIBUTES = (Public, ); }; };
		FBE17FA81F5954D900257CB4 /* ZCPBasicDataConstructor.m in Sources */ = {isa = PBXBuildFile; fileRef = FBE17F3C1F5954D800257CB4 /* ZCPBasicDataConstructor.m */; };
		FBE17FA91F5954D900257CB4 /* ZCPNetworkDataConstructor.h in Headers */ = {isa = PBXBuildFile; fileRef = FBE17F3D1F5954D800257CB4 /* ZCPNetworkDataConstructor.h */; settings = {ATTRIBUTES = (Public, ); }; };
		FBE17FAA1F5954D900257CB4 /* ZCPNetworkDataConstructor.m in Sources */ = {isa = PBXBuildFile; fileRef = FBE17F3E1F5954D800257CB4 /* ZCPNetworkDataConstructor.m */; };
		FBE17FAB1F5954D900257CB4 /* ZCPCellDataModel.h in Headers */ = {isa = PBXBuildFile; fileRef = FBE17F401F5954D800257CB4 /* ZCPCellDataModel.h */; settings = {ATTRIBUTES = (Public, ); }; };
		FBE17FAC1F5954D900257CB4 /* ZCPCellDataModel.m in Sources */ = {isa = PBXBuildFile; fileRef = FBE17F411F5954D800257CB4 /* ZCPCellDataModel.m */; };
		FBE17FAD1F5954D900257CB4 /* ZCPDataModel.h in Headers */ = {isa = PBXBuildFile; fileRef = FBE17F421F5954D800257CB4 /* ZCPDataModel.h */; settings = {ATTRIBUTES = (Public, ); }; };
		FBE17FAE1F5954D900257CB4 /* ZCPDataModel.m in Sources */ = {isa = PBXBuildFile; fileRef = FBE17F431F5954D800257CB4 /* ZCPDataModel.m */; };
		FBE17FAF1F5954D900257CB4 /* ZCPListDataModel.h in Headers */ = {isa = PBXBuildFile; fileRef = FBE17F441F5954D800257CB4 /* ZCPListDataModel.h */; settings = {ATTRIBUTES = (Public, ); }; };
		FBE17FB01F5954D900257CB4 /* ZCPListDataModel.m in Sources */ = {isa = PBXBuildFile; fileRef = FBE17F451F5954D800257CB4 /* ZCPListDataModel.m */; };
		FBE17FB11F5954D900257CB4 /* ZCPResponseDataModel.h in Headers */ = {isa = PBXBuildFile; fileRef = FBE17F461F5954D800257CB4 /* ZCPResponseDataModel.h */; settings = {ATTRIBUTES = (Public, ); }; };
		FBE17FB21F5954D900257CB4 /* ZCPResponseDataModel.m in Sources */ = {isa = PBXBuildFile; fileRef = FBE17F471F5954D800257CB4 /* ZCPResponseDataModel.m */; };
		FBE17FB31F5954D900257CB4 /* ZCPVCDataModel.h in Headers */ = {isa = PBXBuildFile; fileRef = FBE17F481F5954D800257CB4 /* ZCPVCDataModel.h */; settings = {ATTRIBUTES = (Public, ); }; };
		FBE17FB41F5954D900257CB4 /* ZCPVCDataModel.m in Sources */ = {isa = PBXBuildFile; fileRef = FBE17F491F5954D800257CB4 /* ZCPVCDataModel.m */; };
		FBE17FB51F5954D900257CB4 /* ZCPListTableViewAdaptor.h in Headers */ = {isa = PBXBuildFile; fileRef = FBE17F4C1F5954D800257CB4 /* ZCPListTableViewAdaptor.h */; settings = {ATTRIBUTES = (Public, ); }; };
		FBE17FB61F5954D900257CB4 /* ZCPListTableViewAdaptor.m in Sources */ = {isa = PBXBuildFile; fileRef = FBE17F4D1F5954D800257CB4 /* ZCPListTableViewAdaptor.m */; };
		FBE17FB71F5954D900257CB4 /* ZCPTableViewCellItemBasicProtocol.h in Headers */ = {isa = PBXBuildFile; fileRef = FBE17F4E1F5954D800257CB4 /* ZCPTableViewCellItemBasicProtocol.h */; settings = {ATTRIBUTES = (Public, ); }; };
		FBE17FBA1F5954D900257CB4 /* viewMap.plist in Resources */ = {isa = PBXBuildFile; fileRef = FBE17F531F5954D800257CB4 /* viewMap.plist */; };
		FBE17FBB1F5954D900257CB4 /* ZCPBaseNavigator.h in Headers */ = {isa = PBXBuildFile; fileRef = FBE17F541F5954D800257CB4 /* ZCPBaseNavigator.h */; settings = {ATTRIBUTES = (Public, ); }; };
		FBE17FBC1F5954D900257CB4 /* ZCPBaseNavigator.m in Sources */ = {isa = PBXBuildFile; fileRef = FBE17F551F5954D800257CB4 /* ZCPBaseNavigator.m */; };
		FBE17FBD1F5954D900257CB4 /* ZCPControllerFactory.h in Headers */ = {isa = PBXBuildFile; fileRef = FBE17F561F5954D800257CB4 /* ZCPControllerFactory.h */; settings = {ATTRIBUTES = (Public, ); }; };
		FBE17FBE1F5954D900257CB4 /* ZCPControllerFactory.m in Sources */ = {isa = PBXBuildFile; fileRef = FBE17F571F5954D800257CB4 /* ZCPControllerFactory.m */; };
		FBE17FBF1F5954D900257CB4 /* ZCPNavigator.h in Headers */ = {isa = PBXBuildFile; fileRef = FBE17F581F5954D800257CB4 /* ZCPNavigator.h */; settings = {ATTRIBUTES = (Public, ); }; };
		FBE17FC01F5954D900257CB4 /* ZCPNavigator.m in Sources */ = {isa = PBXBuildFile; fileRef = FBE17F591F5954D800257CB4 /* ZCPNavigator.m */; };
		FBE17FC11F5954D900257CB4 /* ZCPViewMap.h in Headers */ = {isa = PBXBuildFile; fileRef = FBE17F5A1F5954D800257CB4 /* ZCPViewMap.h */; settings = {ATTRIBUTES = (Public, ); }; };
		FBE17FC21F5954D900257CB4 /* ZCPRequestCertificateManager.h in Headers */ = {isa = PBXBuildFile; fileRef = FBE17F5C1F5954D800257CB4 /* ZCPRequestCertificateManager.h */; settings = {ATTRIBUTES = (Public, ); }; };
		FBE17FC31F5954D900257CB4 /* ZCPRequestCertificateManager.m in Sources */ = {isa = PBXBuildFile; fileRef = FBE17F5D1F5954D800257CB4 /* ZCPRequestCertificateManager.m */; };
		FBE17FC41F5954D900257CB4 /* ZCPServiceHandler.h in Headers */ = {isa = PBXBuildFile; fileRef = FBE17F5F1F5954D800257CB4 /* ZCPServiceHandler.h */; settings = {ATTRIBUTES = (Public, ); }; };
		FBE17FC51F5954D900257CB4 /* ZCPServiceHandler.m in Sources */ = {isa = PBXBuildFile; fileRef = FBE17F601F5954D800257CB4 /* ZCPServiceHandler.m */; };
		FBE17FC61F5954D900257CB4 /* ZCPURLHelper.h in Headers */ = {isa = PBXBuildFile; fileRef = FBE17F611F5954D800257CB4 /* ZCPURLHelper.h */; settings = {ATTRIBUTES = (Public, ); }; };
		FBE17FC71F5954D900257CB4 /* ZCPURLHelper.m in Sources */ = {isa = PBXBuildFile; fileRef = FBE17F621F5954D800257CB4 /* ZCPURLHelper.m */; };
		FBE17FC81F5954D900257CB4 /* ZCPBlankCell.h in Headers */ = {isa = PBXBuildFile; fileRef = FBE17F651F5954D800257CB4 /* ZCPBlankCell.h */; settings = {ATTRIBUTES = (Public, ); }; };
		FBE17FC91F5954D900257CB4 /* ZCPBlankCell.m in Sources */ = {isa = PBXBuildFile; fileRef = FBE17F661F5954D800257CB4 /* ZCPBlankCell.m */; };
		FBE17FCA1F5954D900257CB4 /* ZCPButtonCell.h in Headers */ = {isa = PBXBuildFile; fileRef = FBE17F671F5954D800257CB4 /* ZCPButtonCell.h */; settings = {ATTRIBUTES = (Public, ); }; };
		FBE17FCB1F5954D900257CB4 /* ZCPButtonCell.m in Sources */ = {isa = PBXBuildFile; fileRef = FBE17F681F5954D900257CB4 /* ZCPButtonCell.m */; };
		FBE17FCC1F5954D900257CB4 /* ZCPOptionCell.h in Headers */ = {isa = PBXBuildFile; fileRef = FBE17F691F5954D900257CB4 /* ZCPOptionCell.h */; settings = {ATTRIBUTES = (Public, ); }; };
		FBE17FCD1F5954D900257CB4 /* ZCPOptionCell.m in Sources */ = {isa = PBXBuildFile; fileRef = FBE17F6A1F5954D900257CB4 /* ZCPOptionCell.m */; };
		FBE17FCE1F5954D900257CB4 /* ZCPRoundCell.h in Headers */ = {isa = PBXBuildFile; fileRef = FBE17F6B1F5954D900257CB4 /* ZCPRoundCell.h */; settings = {ATTRIBUTES = (Public, ); }; };
		FBE17FCF1F5954D900257CB4 /* ZCPRoundCell.m in Sources */ = {isa = PBXBuildFile; fileRef = FBE17F6C1F5954D900257CB4 /* ZCPRoundCell.m */; };
		FBE17FD01F5954D900257CB4 /* ZCPSectionCell.h in Headers */ = {isa = PBXBuildFile; fileRef = FBE17F6D1F5954D900257CB4 /* ZCPSectionCell.h */; settings = {ATTRIBUTES = (Public, ); }; };
		FBE17FD11F5954D900257CB4 /* ZCPSectionCell.m in Sources */ = {isa = PBXBuildFile; fileRef = FBE17F6E1F5954D900257CB4 /* ZCPSectionCell.m */; };
		FBE17FD21F5954D900257CB4 /* ZCPTableViewCell.h in Headers */ = {isa = PBXBuildFile; fileRef = FBE17F6F1F5954D900257CB4 /* ZCPTableViewCell.h */; settings = {ATTRIBUTES = (Public, ); }; };
		FBE17FD31F5954D900257CB4 /* ZCPTableViewCell.m in Sources */ = {isa = PBXBuildFile; fileRef = FBE17F701F5954D900257CB4 /* ZCPTableViewCell.m */; };
		FBE17FD41F5954D900257CB4 /* ZCPTableViewWithLineCell.h in Headers */ = {isa = PBXBuildFile; fileRef = FBE17F711F5954D900257CB4 /* ZCPTableViewWithLineCell.h */; settings = {ATTRIBUTES = (Public, ); }; };
		FBE17FD51F5954D900257CB4 /* ZCPTableViewWithLineCell.m in Sources */ = {isa = PBXBuildFile; fileRef = FBE17F721F5954D900257CB4 /* ZCPTableViewWithLineCell.m */; };
		FBE17FD61F5954D900257CB4 /* ZCPTextFieldCell.h in Headers */ = {isa = PBXBuildFile; fileRef = FBE17F731F5954D900257CB4 /* ZCPTextFieldCell.h */; settings = {ATTRIBUTES = (Public, ); }; };
		FBE17FD71F5954D900257CB4 /* ZCPTextFieldCell.m in Sources */ = {isa = PBXBuildFile; fileRef = FBE17F741F5954D900257CB4 /* ZCPTextFieldCell.m */; };
		FBE17FD81F5954D900257CB4 /* ZCPTextViewCell.h in Headers */ = {isa = PBXBuildFile; fileRef = FBE17F751F5954D900257CB4 /* ZCPTextViewCell.h */; settings = {ATTRIBUTES = (Public, ); }; };
		FBE17FD91F5954D900257CB4 /* ZCPTextViewCell.m in Sources */ = {isa = PBXBuildFile; fileRef = FBE17F761F5954D900257CB4 /* ZCPTextViewCell.m */; };
		FBE17FDA1F5954D900257CB4 /* ZCPCommentView.h in Headers */ = {isa = PBXBuildFile; fileRef = FBE17F781F5954D900257CB4 /* ZCPCommentView.h */; settings = {ATTRIBUTES = (Public, ); }; };
		FBE17FDB1F5954D900257CB4 /* ZCPCommentView.m in Sources */ = {isa = PBXBuildFile; fileRef = FBE17F791F5954D900257CB4 /* ZCPCommentView.m */; };
		FBE17FDC1F5954D900257CB4 /* ZCPOptionView.h in Headers */ = {isa = PBXBuildFile; fileRef = FBE17F7A1F5954D900257CB4 /* ZCPOptionView.h */; settings = {ATTRIBUTES = (Public, ); }; };
		FBE17FDD1F5954D900257CB4 /* ZCPOptionView.m in Sources */ = {isa = PBXBuildFile; fileRef = FBE17F7B1F5954D900257CB4 /* ZCPOptionView.m */; };
		FBE17FDE1F5954D900257CB4 /* ZCPPickerView.h in Headers */ = {isa = PBXBuildFile; fileRef = FBE17F7C1F5954D900257CB4 /* ZCPPickerView.h */; settings = {ATTRIBUTES = (Public, ); }; };
		FBE17FDF1F5954D900257CB4 /* ZCPPickerView.m in Sources */ = {isa = PBXBuildFile; fileRef = FBE17F7D1F5954D900257CB4 /* ZCPPickerView.m */; };
		FBE17FE01F5954D900257CB4 /* ZCPTextField.h in Headers */ = {isa = PBXBuildFile; fileRef = FBE17F7E1F5954D900257CB4 /* ZCPTextField.h */; settings = {ATTRIBUTES = (Public, ); }; };
		FBE17FE11F5954D900257CB4 /* ZCPTextField.m in Sources */ = {isa = PBXBuildFile; fileRef = FBE17F7F1F5954D900257CB4 /* ZCPTextField.m */; };
		FBE17FE21F5954D900257CB4 /* ZCPTextView.h in Headers */ = {isa = PBXBuildFile; fileRef = FBE17F801F5954D900257CB4 /* ZCPTextView.h */; settings = {ATTRIBUTES = (Public, ); }; };
		FBE17FE31F5954D900257CB4 /* ZCPTextView.m in Sources */ = {isa = PBXBuildFile; fileRef = FBE17F811F5954D900257CB4 /* ZCPTextView.m */; };
		FBE17FE41F5954D900257CB4 /* ZCPCommon.h in Headers */ = {isa = PBXBuildFile; fileRef = FBE17F821F5954D900257CB4 /* ZCPCommon.h */; settings = {ATTRIBUTES = (Public, ); }; };
		FBE17FE51F5954D900257CB4 /* ZCPCommonBasic.h in Headers */ = {isa = PBXBuildFile; fileRef = FBE17F831F5954D900257CB4 /* ZCPCommonBasic.h */; settings = {ATTRIBUTES = (Public, ); }; };
		FBE17FE61F5954D900257CB4 /* ZCPCommonExtra.h in Headers */ = {isa = PBXBuildFile; fileRef = FBE17F841F5954D900257CB4 /* ZCPCommonExtra.h */; settings = {ATTRIBUTES = (Public, ); }; };
		FBE17FE71F5954D900257CB4 /* ZCPToastUtil.h in Headers */ = {isa = PBXBuildFile; fileRef = FBE17F861F5954D900257CB4 /* ZCPToastUtil.h */; settings = {ATTRIBUTES = (Public, ); }; };
		FBE17FE81F5954D900257CB4 /* ZCPToastUtil.m in Sources */ = {isa = PBXBuildFile; fileRef = FBE17F871F5954D900257CB4 /* ZCPToastUtil.m */; };
		FBE17FEC1F595AD800257CB4 /* ZCPUtil.h in Headers */ = {isa = PBXBuildFile; fileRef = FBE17FEA1F595AD800257CB4 /* ZCPUtil.h */; settings = {ATTRIBUTES = (Public, ); }; };
		FBE17FF11F595D6B00257CB4 /* ZCPIndicator.h in Headers */ = {isa = PBXBuildFile; fileRef = FBE17FEF1F595D6B00257CB4 /* ZCPIndicator.h */; settings = {ATTRIBUTES = (Public, ); }; };
		FBE17FF21F595D6B00257CB4 /* ZCPIndicator.m in Sources */ = {isa = PBXBuildFile; fileRef = FBE17FF01F595D6B00257CB4 /* ZCPIndicator.m */; };
/* End PBXBuildFile section */

/* Begin PBXContainerItemProxy section */
		FBE17F081F5954B200257CB4 /* PBXContainerItemProxy */ = {
			isa = PBXContainerItemProxy;
			containerPortal = FBE17EF41F5954B200257CB4 /* Project object */;
			proxyType = 1;
			remoteGlobalIDString = FBE17EFC1F5954B200257CB4;
			remoteInfo = ZCPKit;
		};
/* End PBXContainerItemProxy section */

/* Begin PBXFileReference section */
		FBE17EFD1F5954B200257CB4 /* ZCPKit.framework */ = {isa = PBXFileReference; explicitFileType = wrapper.framework; includeInIndex = 0; path = ZCPKit.framework; sourceTree = BUILT_PRODUCTS_DIR; };
		FBE17F001F5954B200257CB4 /* ZCPKit.h */ = {isa = PBXFileReference; lastKnownFileType = sourcecode.c.h; path = ZCPKit.h; sourceTree = "<group>"; };
		FBE17F011F5954B200257CB4 /* Info.plist */ = {isa = PBXFileReference; lastKnownFileType = text.plist.xml; path = Info.plist; sourceTree = "<group>"; };
		FBE17F061F5954B200257CB4 /* ZCPKitTests.xctest */ = {isa = PBXFileReference; explicitFileType = wrapper.cfbundle; includeInIndex = 0; path = ZCPKitTests.xctest; sourceTree = BUILT_PRODUCTS_DIR; };
		FBE17F0B1F5954B200257CB4 /* ZCPKitTests.m */ = {isa = PBXFileReference; lastKnownFileType = sourcecode.c.objc; path = ZCPKitTests.m; sourceTree = "<group>"; };
		FBE17F0D1F5954B200257CB4 /* Info.plist */ = {isa = PBXFileReference; lastKnownFileType = text.plist.xml; path = Info.plist; sourceTree = "<group>"; };
		FBE17F181F5954D800257CB4 /* NSArray+Category.h */ = {isa = PBXFileReference; fileEncoding = 4; lastKnownFileType = sourcecode.c.h; path = "NSArray+Category.h"; sourceTree = "<group>"; };
		FBE17F191F5954D800257CB4 /* NSArray+Category.m */ = {isa = PBXFileReference; fileEncoding = 4; lastKnownFileType = sourcecode.c.objc; path = "NSArray+Category.m"; sourceTree = "<group>"; };
		FBE17F1A1F5954D800257CB4 /* NSDate+Category.h */ = {isa = PBXFileReference; fileEncoding = 4; lastKnownFileType = sourcecode.c.h; path = "NSDate+Category.h"; sourceTree = "<group>"; };
		FBE17F1B1F5954D800257CB4 /* NSDate+Category.m */ = {isa = PBXFileReference; fileEncoding = 4; lastKnownFileType = sourcecode.c.objc; path = "NSDate+Category.m"; sourceTree = "<group>"; };
		FBE17F1C1F5954D800257CB4 /* NSDateFormatter+Category.h */ = {isa = PBXFileReference; fileEncoding = 4; lastKnownFileType = sourcecode.c.h; path = "NSDateFormatter+Category.h"; sourceTree = "<group>"; };
		FBE17F1D1F5954D800257CB4 /* NSDateFormatter+Category.m */ = {isa = PBXFileReference; fileEncoding = 4; lastKnownFileType = sourcecode.c.objc; path = "NSDateFormatter+Category.m"; sourceTree = "<group>"; };
		FBE17F1E1F5954D800257CB4 /* NSString+Category.h */ = {isa = PBXFileReference; fileEncoding = 4; lastKnownFileType = sourcecode.c.h; path = "NSString+Category.h"; sourceTree = "<group>"; };
		FBE17F1F1F5954D800257CB4 /* NSString+Category.m */ = {isa = PBXFileReference; fileEncoding = 4; lastKnownFileType = sourcecode.c.objc; path = "NSString+Category.m"; sourceTree = "<group>"; };
		FBE17F201F5954D800257CB4 /* NSURL+Category.h */ = {isa = PBXFileReference; fileEncoding = 4; lastKnownFileType = sourcecode.c.h; path = "NSURL+Category.h"; sourceTree = "<group>"; };
		FBE17F211F5954D800257CB4 /* NSURL+Category.m */ = {isa = PBXFileReference; fileEncoding = 4; lastKnownFileType = sourcecode.c.objc; path = "NSURL+Category.m"; sourceTree = "<group>"; };
		FBE17F221F5954D800257CB4 /* UIColor+Category.h */ = {isa = PBXFileReference; fileEncoding = 4; lastKnownFileType = sourcecode.c.h; path = "UIColor+Category.h"; sourceTree = "<group>"; };
		FBE17F231F5954D800257CB4 /* UIColor+Category.m */ = {isa = PBXFileReference; fileEncoding = 4; lastKnownFileType = sourcecode.c.objc; path = "UIColor+Category.m"; sourceTree = "<group>"; };
		FBE17F241F5954D800257CB4 /* UILabel+Category.h */ = {isa = PBXFileReference; fileEncoding = 4; lastKnownFileType = sourcecode.c.h; path = "UILabel+Category.h"; sourceTree = "<group>"; };
		FBE17F251F5954D800257CB4 /* UILabel+Category.m */ = {isa = PBXFileReference; fileEncoding = 4; lastKnownFileType = sourcecode.c.objc; path = "UILabel+Category.m"; sourceTree = "<group>"; };
		FBE17F261F5954D800257CB4 /* UIView+Category.h */ = {isa = PBXFileReference; fileEncoding = 4; lastKnownFileType = sourcecode.c.h; path = "UIView+Category.h"; sourceTree = "<group>"; };
		FBE17F271F5954D800257CB4 /* UIView+Category.m */ = {isa = PBXFileReference; fileEncoding = 4; lastKnownFileType = sourcecode.c.objc; path = "UIView+Category.m"; sourceTree = "<group>"; };
		FBE17F281F5954D800257CB4 /* UIView+EasyFrame.h */ = {isa = PBXFileReference; fileEncoding = 4; lastKnownFileType = sourcecode.c.h; path = "UIView+EasyFrame.h"; sourceTree = "<group>"; };
		FBE17F291F5954D800257CB4 /* UIView+EasyFrame.m */ = {isa = PBXFileReference; fileEncoding = 4; lastKnownFileType = sourcecode.c.objc; path = "UIView+EasyFrame.m"; sourceTree = "<group>"; };
		FBE17F2A1F5954D800257CB4 /* ZCPCategory.h */ = {isa = PBXFileReference; fileEncoding = 4; lastKnownFileType = sourcecode.c.h; path = ZCPCategory.h; sourceTree = "<group>"; };
		FBE17F2C1F5954D800257CB4 /* ZCPGlobalMacros.h */ = {isa = PBXFileReference; fileEncoding = 4; lastKnownFileType = sourcecode.c.h; path = ZCPGlobalMacros.h; sourceTree = "<group>"; };
		FBE17F2D1F5954D800257CB4 /* ZCPSingleton.h */ = {isa = PBXFileReference; fileEncoding = 4; lastKnownFileType = sourcecode.c.h; path = ZCPSingleton.h; sourceTree = "<group>"; };
		FBE17F301F5954D800257CB4 /* ZCPNavigationController.h */ = {isa = PBXFileReference; fileEncoding = 4; lastKnownFileType = sourcecode.c.h; path = ZCPNavigationController.h; sourceTree = "<group>"; };
		FBE17F311F5954D800257CB4 /* ZCPNavigationController.m */ = {isa = PBXFileReference; fileEncoding = 4; lastKnownFileType = sourcecode.c.objc; path = ZCPNavigationController.m; sourceTree = "<group>"; };
		FBE17F321F5954D800257CB4 /* ZCPTabBarController.h */ = {isa = PBXFileReference; fileEncoding = 4; lastKnownFileType = sourcecode.c.h; path = ZCPTabBarController.h; sourceTree = "<group>"; };
		FBE17F331F5954D800257CB4 /* ZCPTabBarController.m */ = {isa = PBXFileReference; fileEncoding = 4; lastKnownFileType = sourcecode.c.objc; path = ZCPTabBarController.m; sourceTree = "<group>"; };
		FBE17F341F5954D800257CB4 /* ZCPTableViewController.h */ = {isa = PBXFileReference; fileEncoding = 4; lastKnownFileType = sourcecode.c.h; path = ZCPTableViewController.h; sourceTree = "<group>"; };
		FBE17F351F5954D800257CB4 /* ZCPTableViewController.m */ = {isa = PBXFileReference; fileEncoding = 4; lastKnownFileType = sourcecode.c.objc; path = ZCPTableViewController.m; sourceTree = "<group>"; };
		FBE17F361F5954D800257CB4 /* ZCPViewController.h */ = {isa = PBXFileReference; fileEncoding = 4; lastKnownFileType = sourcecode.c.h; path = ZCPViewController.h; sourceTree = "<group>"; };
		FBE17F371F5954D800257CB4 /* ZCPViewController.m */ = {isa = PBXFileReference; fileEncoding = 4; lastKnownFileType = sourcecode.c.objc; path = ZCPViewController.m; sourceTree = "<group>"; };
		FBE17F381F5954D800257CB4 /* ZCPWebViewController.h */ = {isa = PBXFileReference; fileEncoding = 4; lastKnownFileType = sourcecode.c.h; path = ZCPWebViewController.h; sourceTree = "<group>"; };
		FBE17F391F5954D800257CB4 /* ZCPWebViewController.m */ = {isa = PBXFileReference; fileEncoding = 4; lastKnownFileType = sourcecode.c.objc; path = ZCPWebViewController.m; sourceTree = "<group>"; };
		FBE17F3B1F5954D800257CB4 /* ZCPBasicDataConstructor.h */ = {isa = PBXFileReference; fileEncoding = 4; lastKnownFileType = sourcecode.c.h; path = ZCPBasicDataConstructor.h; sourceTree = "<group>"; };
		FBE17F3C1F5954D800257CB4 /* ZCPBasicDataConstructor.m */ = {isa = PBXFileReference; fileEncoding = 4; lastKnownFileType = sourcecode.c.objc; path = ZCPBasicDataConstructor.m; sourceTree = "<group>"; };
		FBE17F3D1F5954D800257CB4 /* ZCPNetworkDataConstructor.h */ = {isa = PBXFileReference; fileEncoding = 4; lastKnownFileType = sourcecode.c.h; path = ZCPNetworkDataConstructor.h; sourceTree = "<group>"; };
		FBE17F3E1F5954D800257CB4 /* ZCPNetworkDataConstructor.m */ = {isa = PBXFileReference; fileEncoding = 4; lastKnownFileType = sourcecode.c.objc; path = ZCPNetworkDataConstructor.m; sourceTree = "<group>"; };
		FBE17F401F5954D800257CB4 /* ZCPCellDataModel.h */ = {isa = PBXFileReference; fileEncoding = 4; lastKnownFileType = sourcecode.c.h; path = ZCPCellDataModel.h; sourceTree = "<group>"; };
		FBE17F411F5954D800257CB4 /* ZCPCellDataModel.m */ = {isa = PBXFileReference; fileEncoding = 4; lastKnownFileType = sourcecode.c.objc; path = ZCPCellDataModel.m; sourceTree = "<group>"; };
		FBE17F421F5954D800257CB4 /* ZCPDataModel.h */ = {isa = PBXFileReference; fileEncoding = 4; lastKnownFileType = sourcecode.c.h; path = ZCPDataModel.h; sourceTree = "<group>"; };
		FBE17F431F5954D800257CB4 /* ZCPDataModel.m */ = {isa = PBXFileReference; fileEncoding = 4; lastKnownFileType = sourcecode.c.objc; path = ZCPDataModel.m; sourceTree = "<group>"; };
		FBE17F441F5954D800257CB4 /* ZCPListDataModel.h */ = {isa = PBXFileReference; fileEncoding = 4; lastKnownFileType = sourcecode.c.h; path = ZCPListDataModel.h; sourceTree = "<group>"; };
		FBE17F451F5954D800257CB4 /* ZCPListDataModel.m */ = {isa = PBXFileReference; fileEncoding = 4; lastKnownFileType = sourcecode.c.objc; path = ZCPListDataModel.m; sourceTree = "<group>"; };
		FBE17F461F5954D800257CB4 /* ZCPResponseDataModel.h */ = {isa = PBXFileReference; fileEncoding = 4; lastKnownFileType = sourcecode.c.h; path = ZCPResponseDataModel.h; sourceTree = "<group>"; };
		FBE17F471F5954D800257CB4 /* ZCPResponseDataModel.m */ = {isa = PBXFileReference; fileEncoding = 4; lastKnownFileType = sourcecode.c.objc; path = ZCPResponseDataModel.m; sourceTree = "<group>"; };
		FBE17F481F5954D800257CB4 /* ZCPVCDataModel.h */ = {isa = PBXFileReference; fileEncoding = 4; lastKnownFileType = sourcecode.c.h; path = ZCPVCDataModel.h; sourceTree = "<group>"; };
		FBE17F491F5954D800257CB4 /* ZCPVCDataModel.m */ = {isa = PBXFileReference; fileEncoding = 4; lastKnownFileType = sourcecode.c.objc; path = ZCPVCDataModel.m; sourceTree = "<group>"; };
		FBE17F4C1F5954D800257CB4 /* ZCPListTableViewAdaptor.h */ = {isa = PBXFileReference; fileEncoding = 4; lastKnownFileType = sourcecode.c.h; path = ZCPListTableViewAdaptor.h; sourceTree = "<group>"; };
		FBE17F4D1F5954D800257CB4 /* ZCPListTableViewAdaptor.m */ = {isa = PBXFileReference; fileEncoding = 4; lastKnownFileType = sourcecode.c.objc; path = ZCPListTableViewAdaptor.m; sourceTree = "<group>"; };
		FBE17F4E1F5954D800257CB4 /* ZCPTableViewCellItemBasicProtocol.h */ = {isa = PBXFileReference; fileEncoding = 4; lastKnownFileType = sourcecode.c.h; path = ZCPTableViewCellItemBasicProtocol.h; sourceTree = "<group>"; };
		FBE17F531F5954D800257CB4 /* viewMap.plist */ = {isa = PBXFileReference; fileEncoding = 4; lastKnownFileType = text.plist.xml; path = viewMap.plist; sourceTree = "<group>"; };
		FBE17F541F5954D800257CB4 /* ZCPBaseNavigator.h */ = {isa = PBXFileReference; fileEncoding = 4; lastKnownFileType = sourcecode.c.h; path = ZCPBaseNavigator.h; sourceTree = "<group>"; };
		FBE17F551F5954D800257CB4 /* ZCPBaseNavigator.m */ = {isa = PBXFileReference; fileEncoding = 4; lastKnownFileType = sourcecode.c.objc; path = ZCPBaseNavigator.m; sourceTree = "<group>"; };
		FBE17F561F5954D800257CB4 /* ZCPControllerFactory.h */ = {isa = PBXFileReference; fileEncoding = 4; lastKnownFileType = sourcecode.c.h; path = ZCPControllerFactory.h; sourceTree = "<group>"; };
		FBE17F571F5954D800257CB4 /* ZCPControllerFactory.m */ = {isa = PBXFileReference; fileEncoding = 4; lastKnownFileType = sourcecode.c.objc; path = ZCPControllerFactory.m; sourceTree = "<group>"; };
		FBE17F581F5954D800257CB4 /* ZCPNavigator.h */ = {isa = PBXFileReference; fileEncoding = 4; lastKnownFileType = sourcecode.c.h; path = ZCPNavigator.h; sourceTree = "<group>"; };
		FBE17F591F5954D800257CB4 /* ZCPNavigator.m */ = {isa = PBXFileReference; fileEncoding = 4; lastKnownFileType = sourcecode.c.objc; path = ZCPNavigator.m; sourceTree = "<group>"; };
		FBE17F5A1F5954D800257CB4 /* ZCPViewMap.h */ = {isa = PBXFileReference; fileEncoding = 4; lastKnownFileType = sourcecode.c.h; path = ZCPViewMap.h; sourceTree = "<group>"; };
		FBE17F5C1F5954D800257CB4 /* ZCPRequestCertificateManager.h */ = {isa = PBXFileReference; fileEncoding = 4; lastKnownFileType = sourcecode.c.h; path = ZCPRequestCertificateManager.h; sourceTree = "<group>"; };
		FBE17F5D1F5954D800257CB4 /* ZCPRequestCertificateManager.m */ = {isa = PBXFileReference; fileEncoding = 4; lastKnownFileType = sourcecode.c.objc; path = ZCPRequestCertificateManager.m; sourceTree = "<group>"; };
		FBE17F5F1F5954D800257CB4 /* ZCPServiceHandler.h */ = {isa = PBXFileReference; fileEncoding = 4; lastKnownFileType = sourcecode.c.h; path = ZCPServiceHandler.h; sourceTree = "<group>"; };
		FBE17F601F5954D800257CB4 /* ZCPServiceHandler.m */ = {isa = PBXFileReference; fileEncoding = 4; lastKnownFileType = sourcecode.c.objc; path = ZCPServiceHandler.m; sourceTree = "<group>"; };
		FBE17F611F5954D800257CB4 /* ZCPURLHelper.h */ = {isa = PBXFileReference; fileEncoding = 4; lastKnownFileType = sourcecode.c.h; path = ZCPURLHelper.h; sourceTree = "<group>"; };
		FBE17F621F5954D800257CB4 /* ZCPURLHelper.m */ = {isa = PBXFileReference; fileEncoding = 4; lastKnownFileType = sourcecode.c.objc; path = ZCPURLHelper.m; sourceTree = "<group>"; };
		FBE17F651F5954D800257CB4 /* ZCPBlankCell.h */ = {isa = PBXFileReference; fileEncoding = 4; lastKnownFileType = sourcecode.c.h; path = ZCPBlankCell.h; sourceTree = "<group>"; };
		FBE17F661F5954D800257CB4 /* ZCPBlankCell.m */ = {isa = PBXFileReference; fileEncoding = 4; lastKnownFileType = sourcecode.c.objc; path = ZCPBlankCell.m; sourceTree = "<group>"; };
		FBE17F671F5954D800257CB4 /* ZCPButtonCell.h */ = {isa = PBXFileReference; fileEncoding = 4; lastKnownFileType = sourcecode.c.h; path = ZCPButtonCell.h; sourceTree = "<group>"; };
		FBE17F681F5954D900257CB4 /* ZCPButtonCell.m */ = {isa = PBXFileReference; fileEncoding = 4; lastKnownFileType = sourcecode.c.objc; path = ZCPButtonCell.m; sourceTree = "<group>"; };
		FBE17F691F5954D900257CB4 /* ZCPOptionCell.h */ = {isa = PBXFileReference; fileEncoding = 4; lastKnownFileType = sourcecode.c.h; path = ZCPOptionCell.h; sourceTree = "<group>"; };
		FBE17F6A1F5954D900257CB4 /* ZCPOptionCell.m */ = {isa = PBXFileReference; fileEncoding = 4; lastKnownFileType = sourcecode.c.objc; path = ZCPOptionCell.m; sourceTree = "<group>"; };
		FBE17F6B1F5954D900257CB4 /* ZCPRoundCell.h */ = {isa = PBXFileReference; fileEncoding = 4; lastKnownFileType = sourcecode.c.h; path = ZCPRoundCell.h; sourceTree = "<group>"; };
		FBE17F6C1F5954D900257CB4 /* ZCPRoundCell.m */ = {isa = PBXFileReference; fileEncoding = 4; lastKnownFileType = sourcecode.c.objc; path = ZCPRoundCell.m; sourceTree = "<group>"; };
		FBE17F6D1F5954D900257CB4 /* ZCPSectionCell.h */ = {isa = PBXFileReference; fileEncoding = 4; lastKnownFileType = sourcecode.c.h; path = ZCPSectionCell.h; sourceTree = "<group>"; };
		FBE17F6E1F5954D900257CB4 /* ZCPSectionCell.m */ = {isa = PBXFileReference; fileEncoding = 4; lastKnownFileType = sourcecode.c.objc; path = ZCPSectionCell.m; sourceTree = "<group>"; };
		FBE17F6F1F5954D900257CB4 /* ZCPTableViewCell.h */ = {isa = PBXFileReference; fileEncoding = 4; lastKnownFileType = sourcecode.c.h; path = ZCPTableViewCell.h; sourceTree = "<group>"; };
		FBE17F701F5954D900257CB4 /* ZCPTableViewCell.m */ = {isa = PBXFileReference; fileEncoding = 4; lastKnownFileType = sourcecode.c.objc; path = ZCPTableViewCell.m; sourceTree = "<group>"; };
		FBE17F711F5954D900257CB4 /* ZCPTableViewWithLineCell.h */ = {isa = PBXFileReference; fileEncoding = 4; lastKnownFileType = sourcecode.c.h; path = ZCPTableViewWithLineCell.h; sourceTree = "<group>"; };
		FBE17F721F5954D900257CB4 /* ZCPTableViewWithLineCell.m */ = {isa = PBXFileReference; fileEncoding = 4; lastKnownFileType = sourcecode.c.objc; path = ZCPTableViewWithLineCell.m; sourceTree = "<group>"; };
		FBE17F731F5954D900257CB4 /* ZCPTextFieldCell.h */ = {isa = PBXFileReference; fileEncoding = 4; lastKnownFileType = sourcecode.c.h; path = ZCPTextFieldCell.h; sourceTree = "<group>"; };
		FBE17F741F5954D900257CB4 /* ZCPTextFieldCell.m */ = {isa = PBXFileReference; fileEncoding = 4; lastKnownFileType = sourcecode.c.objc; path = ZCPTextFieldCell.m; sourceTree = "<group>"; };
		FBE17F751F5954D900257CB4 /* ZCPTextViewCell.h */ = {isa = PBXFileReference; fileEncoding = 4; lastKnownFileType = sourcecode.c.h; path = ZCPTextViewCell.h; sourceTree = "<group>"; };
		FBE17F761F5954D900257CB4 /* ZCPTextViewCell.m */ = {isa = PBXFileReference; fileEncoding = 4; lastKnownFileType = sourcecode.c.objc; path = ZCPTextViewCell.m; sourceTree = "<group>"; };
		FBE17F781F5954D900257CB4 /* ZCPCommentView.h */ = {isa = PBXFileReference; fileEncoding = 4; lastKnownFileType = sourcecode.c.h; path = ZCPCommentView.h; sourceTree = "<group>"; };
		FBE17F791F5954D900257CB4 /* ZCPCommentView.m */ = {isa = PBXFileReference; fileEncoding = 4; lastKnownFileType = sourcecode.c.objc; path = ZCPCommentView.m; sourceTree = "<group>"; };
		FBE17F7A1F5954D900257CB4 /* ZCPOptionView.h */ = {isa = PBXFileReference; fileEncoding = 4; lastKnownFileType = sourcecode.c.h; path = ZCPOptionView.h; sourceTree = "<group>"; };
		FBE17F7B1F5954D900257CB4 /* ZCPOptionView.m */ = {isa = PBXFileReference; fileEncoding = 4; lastKnownFileType = sourcecode.c.objc; path = ZCPOptionView.m; sourceTree = "<group>"; };
		FBE17F7C1F5954D900257CB4 /* ZCPPickerView.h */ = {isa = PBXFileReference; fileEncoding = 4; lastKnownFileType = sourcecode.c.h; path = ZCPPickerView.h; sourceTree = "<group>"; };
		FBE17F7D1F5954D900257CB4 /* ZCPPickerView.m */ = {isa = PBXFileReference; fileEncoding = 4; lastKnownFileType = sourcecode.c.objc; path = ZCPPickerView.m; sourceTree = "<group>"; };
		FBE17F7E1F5954D900257CB4 /* ZCPTextField.h */ = {isa = PBXFileReference; fileEncoding = 4; lastKnownFileType = sourcecode.c.h; path = ZCPTextField.h; sourceTree = "<group>"; };
		FBE17F7F1F5954D900257CB4 /* ZCPTextField.m */ = {isa = PBXFileReference; fileEncoding = 4; lastKnownFileType = sourcecode.c.objc; path = ZCPTextField.m; sourceTree = "<group>"; };
		FBE17F801F5954D900257CB4 /* ZCPTextView.h */ = {isa = PBXFileReference; fileEncoding = 4; lastKnownFileType = sourcecode.c.h; path = ZCPTextView.h; sourceTree = "<group>"; };
		FBE17F811F5954D900257CB4 /* ZCPTextView.m */ = {isa = PBXFileReference; fileEncoding = 4; lastKnownFileType = sourcecode.c.objc; path = ZCPTextView.m; sourceTree = "<group>"; };
		FBE17F821F5954D900257CB4 /* ZCPCommon.h */ = {isa = PBXFileReference; fileEncoding = 4; lastKnownFileType = sourcecode.c.h; path = ZCPCommon.h; sourceTree = "<group>"; };
		FBE17F831F5954D900257CB4 /* ZCPCommonBasic.h */ = {isa = PBXFileReference; fileEncoding = 4; lastKnownFileType = sourcecode.c.h; path = ZCPCommonBasic.h; sourceTree = "<group>"; };
		FBE17F841F5954D900257CB4 /* ZCPCommonExtra.h */ = {isa = PBXFileReference; fileEncoding = 4; lastKnownFileType = sourcecode.c.h; path = ZCPCommonExtra.h; sourceTree = "<group>"; };
		FBE17F861F5954D900257CB4 /* ZCPToastUtil.h */ = {isa = PBXFileReference; fileEncoding = 4; lastKnownFileType = sourcecode.c.h; path = ZCPToastUtil.h; sourceTree = "<group>"; };
		FBE17F871F5954D900257CB4 /* ZCPToastUtil.m */ = {isa = PBXFileReference; fileEncoding = 4; lastKnownFileType = sourcecode.c.objc; path = ZCPToastUtil.m; sourceTree = "<group>"; };
		FBE17FE91F5954EC00257CB4 /* ZCPKit.pch */ = {isa = PBXFileReference; lastKnownFileType = sourcecode.c.h; path = ZCPKit.pch; sourceTree = "<group>"; };
		FBE17FEA1F595AD800257CB4 /* ZCPUtil.h */ = {isa = PBXFileReference; lastKnownFileType = sourcecode.c.h; path = ZCPUtil.h; sourceTree = "<group>"; };
		FBE17FEE1F595B1F00257CB4 /* ZCPMacros.h */ = {isa = PBXFileReference; lastKnownFileType = sourcecode.c.h; path = ZCPMacros.h; sourceTree = "<group>"; };
		FBE17FEF1F595D6B00257CB4 /* ZCPIndicator.h */ = {isa = PBXFileReference; fileEncoding = 4; lastKnownFileType = sourcecode.c.h; path = ZCPIndicator.h; sourceTree = "<group>"; };
		FBE17FF01F595D6B00257CB4 /* ZCPIndicator.m */ = {isa = PBXFileReference; fileEncoding = 4; lastKnownFileType = sourcecode.c.objc; path = ZCPIndicator.m; sourceTree = "<group>"; };
/* End PBXFileReference section */

/* Begin PBXFrameworksBuildPhase section */
		FBE17EF91F5954B200257CB4 /* Frameworks */ = {
			isa = PBXFrameworksBuildPhase;
			buildActionMask = 2147483647;
			files = (
			);
			runOnlyForDeploymentPostprocessing = 0;
		};
		FBE17F031F5954B200257CB4 /* Frameworks */ = {
			isa = PBXFrameworksBuildPhase;
			buildActionMask = 2147483647;
			files = (
				FBE17F071F5954B200257CB4 /* ZCPKit.framework in Frameworks */,
			);
			runOnlyForDeploymentPostprocessing = 0;
		};
/* End PBXFrameworksBuildPhase section */

/* Begin PBXGroup section */
		FBE17EF31F5954B200257CB4 = {
			isa = PBXGroup;
			children = (
				FBE17EFF1F5954B200257CB4 /* ZCPKit */,
				FBE17F0A1F5954B200257CB4 /* ZCPKitTests */,
				FBE17EFE1F5954B200257CB4 /* Products */,
			);
			sourceTree = "<group>";
		};
		FBE17EFE1F5954B200257CB4 /* Products */ = {
			isa = PBXGroup;
			children = (
				FBE17EFD1F5954B200257CB4 /* ZCPKit.framework */,
				FBE17F061F5954B200257CB4 /* ZCPKitTests.xctest */,
			);
			name = Products;
			sourceTree = "<group>";
		};
		FBE17EFF1F5954B200257CB4 /* ZCPKit */ = {
			isa = PBXGroup;
			children = (
				FBE17F171F5954D800257CB4 /* Category */,
				FBE17F2E1F5954D800257CB4 /* Common */,
				FBE17F2B1F5954D800257CB4 /* Macros */,
				FBE17F851F5954D900257CB4 /* Util */,
				FBE17F001F5954B200257CB4 /* ZCPKit.h */,
				FBE17F011F5954B200257CB4 /* Info.plist */,
				FBE17FE91F5954EC00257CB4 /* ZCPKit.pch */,
			);
			path = ZCPKit;
			sourceTree = "<group>";
		};
		FBE17F0A1F5954B200257CB4 /* ZCPKitTests */ = {
			isa = PBXGroup;
			children = (
				FBE17F0B1F5954B200257CB4 /* ZCPKitTests.m */,
				FBE17F0D1F5954B200257CB4 /* Info.plist */,
			);
			path = ZCPKitTests;
			sourceTree = "<group>";
		};
		FBE17F171F5954D800257CB4 /* Category */ = {
			isa = PBXGroup;
			children = (
				FBE17F2A1F5954D800257CB4 /* ZCPCategory.h */,
				FBE17F181F5954D800257CB4 /* NSArray+Category.h */,
				FBE17F191F5954D800257CB4 /* NSArray+Category.m */,
				FBE17F1A1F5954D800257CB4 /* NSDate+Category.h */,
				FBE17F1B1F5954D800257CB4 /* NSDate+Category.m */,
				FBE17F1C1F5954D800257CB4 /* NSDateFormatter+Category.h */,
				FBE17F1D1F5954D800257CB4 /* NSDateFormatter+Category.m */,
				FBE17F1E1F5954D800257CB4 /* NSString+Category.h */,
				FBE17F1F1F5954D800257CB4 /* NSString+Category.m */,
				FBE17F201F5954D800257CB4 /* NSURL+Category.h */,
				FBE17F211F5954D800257CB4 /* NSURL+Category.m */,
				FBE17F221F5954D800257CB4 /* UIColor+Category.h */,
				FBE17F231F5954D800257CB4 /* UIColor+Category.m */,
				FBE17F241F5954D800257CB4 /* UILabel+Category.h */,
				FBE17F251F5954D800257CB4 /* UILabel+Category.m */,
				FBE17F261F5954D800257CB4 /* UIView+Category.h */,
				FBE17F271F5954D800257CB4 /* UIView+Category.m */,
				FBE17F281F5954D800257CB4 /* UIView+EasyFrame.h */,
				FBE17F291F5954D800257CB4 /* UIView+EasyFrame.m */,
			);
			path = Category;
			sourceTree = "<group>";
		};
		FBE17F2B1F5954D800257CB4 /* Macros */ = {
			isa = PBXGroup;
			children = (
				FBE17FEE1F595B1F00257CB4 /* ZCPMacros.h */,
				FBE17F2C1F5954D800257CB4 /* ZCPGlobalMacros.h */,
				FBE17F2D1F5954D800257CB4 /* ZCPSingleton.h */,
			);
			path = Macros;
			sourceTree = "<group>";
		};
		FBE17F2E1F5954D800257CB4 /* Common */ = {
			isa = PBXGroup;
			children = (
				FBE17F2F1F5954D800257CB4 /* Controller */,
				FBE17F3A1F5954D800257CB4 /* DataConstructor */,
				FBE17F3F1F5954D800257CB4 /* Model */,
				FBE17F4A1F5954D800257CB4 /* Util */,
				FBE17F631F5954D800257CB4 /* View */,
				FBE17F821F5954D900257CB4 /* ZCPCommon.h */,
				FBE17F831F5954D900257CB4 /* ZCPCommonBasic.h */,
				FBE17F841F5954D900257CB4 /* ZCPCommonExtra.h */,
			);
			path = Common;
			sourceTree = "<group>";
		};
		FBE17F2F1F5954D800257CB4 /* Controller */ = {
			isa = PBXGroup;
			children = (
				FBE17F301F5954D800257CB4 /* ZCPNavigationController.h */,
				FBE17F311F5954D800257CB4 /* ZCPNavigationController.m */,
				FBE17F321F5954D800257CB4 /* ZCPTabBarController.h */,
				FBE17F331F5954D800257CB4 /* ZCPTabBarController.m */,
				FBE17F341F5954D800257CB4 /* ZCPTableViewController.h */,
				FBE17F351F5954D800257CB4 /* ZCPTableViewController.m */,
				FBE17F361F5954D800257CB4 /* ZCPViewController.h */,
				FBE17F371F5954D800257CB4 /* ZCPViewController.m */,
				FBE17F381F5954D800257CB4 /* ZCPWebViewController.h */,
				FBE17F391F5954D800257CB4 /* ZCPWebViewController.m */,
			);
			path = Controller;
			sourceTree = "<group>";
		};
		FBE17F3A1F5954D800257CB4 /* DataConstructor */ = {
			isa = PBXGroup;
			children = (
				FBE17F3B1F5954D800257CB4 /* ZCPBasicDataConstructor.h */,
				FBE17F3C1F5954D800257CB4 /* ZCPBasicDataConstructor.m */,
				FBE17F3D1F5954D800257CB4 /* ZCPNetworkDataConstructor.h */,
				FBE17F3E1F5954D800257CB4 /* ZCPNetworkDataConstructor.m */,
			);
			path = DataConstructor;
			sourceTree = "<group>";
		};
		FBE17F3F1F5954D800257CB4 /* Model */ = {
			isa = PBXGroup;
			children = (
				FBE17F421F5954D800257CB4 /* ZCPDataModel.h */,
				FBE17F431F5954D800257CB4 /* ZCPDataModel.m */,
				FBE17F401F5954D800257CB4 /* ZCPCellDataModel.h */,
				FBE17F411F5954D800257CB4 /* ZCPCellDataModel.m */,
				FBE17F481F5954D800257CB4 /* ZCPVCDataModel.h */,
				FBE17F491F5954D800257CB4 /* ZCPVCDataModel.m */,
				FBE17F441F5954D800257CB4 /* ZCPListDataModel.h */,
				FBE17F451F5954D800257CB4 /* ZCPListDataModel.m */,
				FBE17F461F5954D800257CB4 /* ZCPResponseDataModel.h */,
				FBE17F471F5954D800257CB4 /* ZCPResponseDataModel.m */,
			);
			path = Model;
			sourceTree = "<group>";
		};
		FBE17F4A1F5954D800257CB4 /* Util */ = {
			isa = PBXGroup;
			children = (
				FBE17F4B1F5954D800257CB4 /* Adaptor */,
				FBE17F521F5954D800257CB4 /* Navigator */,
				FBE17F5B1F5954D800257CB4 /* Request */,
				FBE17F5E1F5954D800257CB4 /* URL */,
			);
			path = Util;
			sourceTree = "<group>";
		};
		FBE17F4B1F5954D800257CB4 /* Adaptor */ = {
			isa = PBXGroup;
			children = (
				FBE17F4C1F5954D800257CB4 /* ZCPListTableViewAdaptor.h */,
				FBE17F4D1F5954D800257CB4 /* ZCPListTableViewAdaptor.m */,
				FBE17F4E1F5954D800257CB4 /* ZCPTableViewCellItemBasicProtocol.h */,
			);
			path = Adaptor;
			sourceTree = "<group>";
		};
		FBE17F521F5954D800257CB4 /* Navigator */ = {
			isa = PBXGroup;
			children = (
				FBE17F531F5954D800257CB4 /* viewMap.plist */,
				FBE17F541F5954D800257CB4 /* ZCPBaseNavigator.h */,
				FBE17F551F5954D800257CB4 /* ZCPBaseNavigator.m */,
				FBE17F561F5954D800257CB4 /* ZCPControllerFactory.h */,
				FBE17F571F5954D800257CB4 /* ZCPControllerFactory.m */,
				FBE17F581F5954D800257CB4 /* ZCPNavigator.h */,
				FBE17F591F5954D800257CB4 /* ZCPNavigator.m */,
				FBE17F5A1F5954D800257CB4 /* ZCPViewMap.h */,
			);
			path = Navigator;
			sourceTree = "<group>";
		};
		FBE17F5B1F5954D800257CB4 /* Request */ = {
			isa = PBXGroup;
			children = (
				FBE17F5C1F5954D800257CB4 /* ZCPRequestCertificateManager.h */,
				FBE17F5D1F5954D800257CB4 /* ZCPRequestCertificateManager.m */,
			);
			path = Request;
			sourceTree = "<group>";
		};
		FBE17F5E1F5954D800257CB4 /* URL */ = {
			isa = PBXGroup;
			children = (
				FBE17F5F1F5954D800257CB4 /* ZCPServiceHandler.h */,
				FBE17F601F5954D800257CB4 /* ZCPServiceHandler.m */,
				FBE17F611F5954D800257CB4 /* ZCPURLHelper.h */,
				FBE17F621F5954D800257CB4 /* ZCPURLHelper.m */,
			);
			path = URL;
			sourceTree = "<group>";
		};
		FBE17F631F5954D800257CB4 /* View */ = {
			isa = PBXGroup;
			children = (
				FBE17F641F5954D800257CB4 /* Cell */,
				FBE17F771F5954D900257CB4 /* View */,
			);
			path = View;
			sourceTree = "<group>";
		};
		FBE17F641F5954D800257CB4 /* Cell */ = {
			isa = PBXGroup;
			children = (
				FBE17F6F1F5954D900257CB4 /* ZCPTableViewCell.h */,
				FBE17F701F5954D900257CB4 /* ZCPTableViewCell.m */,
				FBE17F651F5954D800257CB4 /* ZCPBlankCell.h */,
				FBE17F661F5954D800257CB4 /* ZCPBlankCell.m */,
				FBE17F6D1F5954D900257CB4 /* ZCPSectionCell.h */,
				FBE17F6E1F5954D900257CB4 /* ZCPSectionCell.m */,
				FBE17F671F5954D800257CB4 /* ZCPButtonCell.h */,
				FBE17F681F5954D900257CB4 /* ZCPButtonCell.m */,
				FBE17F711F5954D900257CB4 /* ZCPTableViewWithLineCell.h */,
				FBE17F721F5954D900257CB4 /* ZCPTableViewWithLineCell.m */,
				FBE17F691F5954D900257CB4 /* ZCPOptionCell.h */,
				FBE17F6A1F5954D900257CB4 /* ZCPOptionCell.m */,
				FBE17F6B1F5954D900257CB4 /* ZCPRoundCell.h */,
				FBE17F6C1F5954D900257CB4 /* ZCPRoundCell.m */,
				FBE17F731F5954D900257CB4 /* ZCPTextFieldCell.h */,
				FBE17F741F5954D900257CB4 /* ZCPTextFieldCell.m */,
				FBE17F751F5954D900257CB4 /* ZCPTextViewCell.h */,
				FBE17F761F5954D900257CB4 /* ZCPTextViewCell.m */,
			);
			path = Cell;
			sourceTree = "<group>";
		};
		FBE17F771F5954D900257CB4 /* View */ = {
			isa = PBXGroup;
			children = (
				FBE17F781F5954D900257CB4 /* ZCPCommentView.h */,
				FBE17F791F5954D900257CB4 /* ZCPCommentView.m */,
				FBE17F7A1F5954D900257CB4 /* ZCPOptionView.h */,
				FBE17F7B1F5954D900257CB4 /* ZCPOptionView.m */,
				FBE17F7C1F5954D900257CB4 /* ZCPPickerView.h */,
				FBE17F7D1F5954D900257CB4 /* ZCPPickerView.m */,
				FBE17F7E1F5954D900257CB4 /* ZCPTextField.h */,
				FBE17F7F1F5954D900257CB4 /* ZCPTextField.m */,
				FBE17F801F5954D900257CB4 /* ZCPTextView.h */,
				FBE17F811F5954D900257CB4 /* ZCPTextView.m */,
			);
			path = View;
			sourceTree = "<group>";
		};
		FBE17F851F5954D900257CB4 /* Util */ = {
			isa = PBXGroup;
			children = (
				FBE17FEA1F595AD800257CB4 /* ZCPUtil.h */,
				FBE17FEF1F595D6B00257CB4 /* ZCPIndicator.h */,
				FBE17FF01F595D6B00257CB4 /* ZCPIndicator.m */,
				FBE17F861F5954D900257CB4 /* ZCPToastUtil.h */,
				FBE17F871F5954D900257CB4 /* ZCPToastUtil.m */,
			);
			path = Util;
			sourceTree = "<group>";
		};
/* End PBXGroup section */

/* Begin PBXHeadersBuildPhase section */
		FBE17EFA1F5954B200257CB4 /* Headers */ = {
			isa = PBXHeadersBuildPhase;
			buildActionMask = 2147483647;
			files = (
				FBE17FBB1F5954D900257CB4 /* ZCPBaseNavigator.h in Headers */,
				FBE17FC41F5954D900257CB4 /* ZCPServiceHandler.h in Headers */,
				FBE17FE21F5954D900257CB4 /* ZCPTextView.h in Headers */,
				FBE17FE51F5954D900257CB4 /* ZCPCommonBasic.h in Headers */,
				FBE17FD41F5954D900257CB4 /* ZCPTableViewWithLineCell.h in Headers */,
				FBE17FA91F5954D900257CB4 /* ZCPNetworkDataConstructor.h in Headers */,
				FBE17F8C1F5954D900257CB4 /* NSDateFormatter+Category.h in Headers */,
				FBE17F0E1F5954B200257CB4 /* ZCPKit.h in Headers */,
				FBE17FE61F5954D900257CB4 /* ZCPCommonExtra.h in Headers */,
				FBE17FB11F5954D900257CB4 /* ZCPResponseDataModel.h in Headers */,
				FBE17FBD1F5954D900257CB4 /* ZCPControllerFactory.h in Headers */,
				FBE17FDE1F5954D900257CB4 /* ZCPPickerView.h in Headers */,
				FBE17FA11F5954D900257CB4 /* ZCPTableViewController.h in Headers */,
				FBE17FE01F5954D900257CB4 /* ZCPTextField.h in Headers */,
				FBE17F9C1F5954D900257CB4 /* ZCPSingleton.h in Headers */,
				FBE17FC11F5954D900257CB4 /* ZCPViewMap.h in Headers */,
				FBE17FCA1F5954D900257CB4 /* ZCPButtonCell.h in Headers */,
				FBE17FA51F5954D900257CB4 /* ZCPWebViewController.h in Headers */,
				FBE17FA31F5954D900257CB4 /* ZCPViewController.h in Headers */,
				FBE17FE71F5954D900257CB4 /* ZCPToastUtil.h in Headers */,
				FBE17F881F5954D900257CB4 /* NSArray+Category.h in Headers */,
				FBE17F8E1F5954D900257CB4 /* NSString+Category.h in Headers */,
				FBE17F8A1F5954D900257CB4 /* NSDate+Category.h in Headers */,
				FBE17FD01F5954D900257CB4 /* ZCPSectionCell.h in Headers */,
				FBE17FDC1F5954D900257CB4 /* ZCPOptionView.h in Headers */,
				FBE17FAD1F5954D900257CB4 /* ZCPDataModel.h in Headers */,
				FBE17FB51F5954D900257CB4 /* ZCPListTableViewAdaptor.h in Headers */,
				FBE17F921F5954D900257CB4 /* UIColor+Category.h in Headers */,
				FBE17FC61F5954D900257CB4 /* ZCPURLHelper.h in Headers */,
				FBE17F901F5954D900257CB4 /* NSURL+Category.h in Headers */,
				FBE17F981F5954D900257CB4 /* UIView+EasyFrame.h in Headers */,
				FBE17F961F5954D900257CB4 /* UIView+Category.h in Headers */,
				FBE17F9D1F5954D900257CB4 /* ZCPNavigationController.h in Headers */,
				FBE17FC21F5954D900257CB4 /* ZCPRequestCertificateManager.h in Headers */,
				FBE17FA71F5954D900257CB4 /* ZCPBasicDataConstructor.h in Headers */,
				FBE17FD81F5954D900257CB4 /* ZCPTextViewCell.h in Headers */,
				FBE17FDA1F5954D900257CB4 /* ZCPCommentView.h in Headers */,
				FBE17FAF1F5954D900257CB4 /* ZCPListDataModel.h in Headers */,
				FBE17F9F1F5954D900257CB4 /* ZCPTabBarController.h in Headers */,
				FBE17F941F5954D900257CB4 /* UILabel+Category.h in Headers */,
				FBE17FCC1F5954D900257CB4 /* ZCPOptionCell.h in Headers */,
				FBE17FCE1F5954D900257CB4 /* ZCPRoundCell.h in Headers */,
				FBE17FE41F5954D900257CB4 /* ZCPCommon.h in Headers */,
				FBE17FC81F5954D900257CB4 /* ZCPBlankCell.h in Headers */,
				FBE17F9B1F5954D900257CB4 /* ZCPGlobalMacros.h in Headers */,
				FBE17FD21F5954D900257CB4 /* ZCPTableViewCell.h in Headers */,
				FBE17FBF1F5954D900257CB4 /* ZCPNavigator.h in Headers */,
				FBE17FAB1F5954D900257CB4 /* ZCPCellDataModel.h in Headers */,
				FBE17FD61F5954D900257CB4 /* ZCPTextFieldCell.h in Headers */,
				FBE17FEC1F595AD800257CB4 /* ZCPUtil.h in Headers */,
				FBE17FF11F595D6B00257CB4 /* ZCPIndicator.h in Headers */,
				FBE17F9A1F5954D900257CB4 /* ZCPCategory.h in Headers */,
				FBE17FB71F5954D900257CB4 /* ZCPTableViewCellItemBasicProtocol.h in Headers */,
				FB1AD2881F5D2337002F8278 /* ZCPMacros.h in Headers */,
				FBE17FB31F5954D900257CB4 /* ZCPVCDataModel.h in Headers */,
			);
			runOnlyForDeploymentPostprocessing = 0;
		};
/* End PBXHeadersBuildPhase section */

/* Begin PBXNativeTarget section */
		FBE17EFC1F5954B200257CB4 /* ZCPKit */ = {
			isa = PBXNativeTarget;
			buildConfigurationList = FBE17F111F5954B200257CB4 /* Build configuration list for PBXNativeTarget "ZCPKit" */;
			buildPhases = (
				FBE17EF81F5954B200257CB4 /* Sources */,
				FBE17EF91F5954B200257CB4 /* Frameworks */,
				FBE17EFA1F5954B200257CB4 /* Headers */,
				FBE17EFB1F5954B200257CB4 /* Resources */,
			);
			buildRules = (
			);
			dependencies = (
			);
			name = ZCPKit;
			productName = ZCPKit;
			productReference = FBE17EFD1F5954B200257CB4 /* ZCPKit.framework */;
			productType = "com.apple.product-type.framework";
		};
		FBE17F051F5954B200257CB4 /* ZCPKitTests */ = {
			isa = PBXNativeTarget;
			buildConfigurationList = FBE17F141F5954B200257CB4 /* Build configuration list for PBXNativeTarget "ZCPKitTests" */;
			buildPhases = (
				FBE17F021F5954B200257CB4 /* Sources */,
				FBE17F031F5954B200257CB4 /* Frameworks */,
				FBE17F041F5954B200257CB4 /* Resources */,
			);
			buildRules = (
			);
			dependencies = (
				FBE17F091F5954B200257CB4 /* PBXTargetDependency */,
			);
			name = ZCPKitTests;
			productName = ZCPKitTests;
			productReference = FBE17F061F5954B200257CB4 /* ZCPKitTests.xctest */;
			productType = "com.apple.product-type.bundle.unit-test";
		};
/* End PBXNativeTarget section */

/* Begin PBXProject section */
		FBE17EF41F5954B200257CB4 /* Project object */ = {
			isa = PBXProject;
			attributes = {
				LastUpgradeCheck = 0900;
				ORGANIZATIONNAME = zcp;
				TargetAttributes = {
					FBE17EFC1F5954B200257CB4 = {
						CreatedOnToolsVersion = 9.0;
					};
					FBE17F051F5954B200257CB4 = {
						CreatedOnToolsVersion = 9.0;
					};
				};
			};
			buildConfigurationList = FBE17EF71F5954B200257CB4 /* Build configuration list for PBXProject "ZCPKit" */;
			compatibilityVersion = "Xcode 8.0";
			developmentRegion = en;
			hasScannedForEncodings = 0;
			knownRegions = (
				en,
			);
			mainGroup = FBE17EF31F5954B200257CB4;
			productRefGroup = FBE17EFE1F5954B200257CB4 /* Products */;
			projectDirPath = "";
			projectRoot = "";
			targets = (
				FBE17EFC1F5954B200257CB4 /* ZCPKit */,
				FBE17F051F5954B200257CB4 /* ZCPKitTests */,
			);
		};
/* End PBXProject section */

/* Begin PBXResourcesBuildPhase section */
		FBE17EFB1F5954B200257CB4 /* Resources */ = {
			isa = PBXResourcesBuildPhase;
			buildActionMask = 2147483647;
			files = (
				FBE17FBA1F5954D900257CB4 /* viewMap.plist in Resources */,
			);
			runOnlyForDeploymentPostprocessing = 0;
		};
		FBE17F041F5954B200257CB4 /* Resources */ = {
			isa = PBXResourcesBuildPhase;
			buildActionMask = 2147483647;
			files = (
			);
			runOnlyForDeploymentPostprocessing = 0;
		};
/* End PBXResourcesBuildPhase section */

/* Begin PBXSourcesBuildPhase section */
		FBE17EF81F5954B200257CB4 /* Sources */ = {
			isa = PBXSourcesBuildPhase;
			buildActionMask = 2147483647;
			files = (
				FBE17FB01F5954D900257CB4 /* ZCPListDataModel.m in Sources */,
				FBE17FC71F5954D900257CB4 /* ZCPURLHelper.m in Sources */,
				FBE17FD31F5954D900257CB4 /* ZCPTableViewCell.m in Sources */,
				FBE17FE81F5954D900257CB4 /* ZCPToastUtil.m in Sources */,
				FBE17F8B1F5954D900257CB4 /* NSDate+Category.m in Sources */,
				FBE17FC51F5954D900257CB4 /* ZCPServiceHandler.m in Sources */,
				FBE17FE11F5954D900257CB4 /* ZCPTextField.m in Sources */,
				FBE17FCF1F5954D900257CB4 /* ZCPRoundCell.m in Sources */,
				FBE17FDB1F5954D900257CB4 /* ZCPCommentView.m in Sources */,
				FBE17FAC1F5954D900257CB4 /* ZCPCellDataModel.m in Sources */,
				FBE17FA61F5954D900257CB4 /* ZCPWebViewController.m in Sources */,
				FBE17FC91F5954D900257CB4 /* ZCPBlankCell.m in Sources */,
				FBE17FD51F5954D900257CB4 /* ZCPTableViewWithLineCell.m in Sources */,
				FBE17F8D1F5954D900257CB4 /* NSDateFormatter+Category.m in Sources */,
				FBE17FBE1F5954D900257CB4 /* ZCPControllerFactory.m in Sources */,
				FBE17FB41F5954D900257CB4 /* ZCPVCDataModel.m in Sources */,
				FBE17FD71F5954D900257CB4 /* ZCPTextFieldCell.m in Sources */,
				FBE17F891F5954D900257CB4 /* NSArray+Category.m in Sources */,
				FBE17F911F5954D900257CB4 /* NSURL+Category.m in Sources */,
				FBE17FA01F5954D900257CB4 /* ZCPTabBarController.m in Sources */,
				FBE17FE31F5954D900257CB4 /* ZCPTextView.m in Sources */,
				FBE17FA41F5954D900257CB4 /* ZCPViewController.m in Sources */,
				FBE17F8F1F5954D900257CB4 /* NSString+Category.m in Sources */,
				FBE17FF21F595D6B00257CB4 /* ZCPIndicator.m in Sources */,
				FBE17FAE1F5954D900257CB4 /* ZCPDataModel.m in Sources */,
				FBE17FD11F5954D900257CB4 /* ZCPSectionCell.m in Sources */,
				FBE17FCD1F5954D900257CB4 /* ZCPOptionCell.m in Sources */,
				FBE17F951F5954D900257CB4 /* UILabel+Category.m in Sources */,
				FBE17FD91F5954D900257CB4 /* ZCPTextViewCell.m in Sources */,
				FBE17FA21F5954D900257CB4 /* ZCPTableViewController.m in Sources */,
				FBE17F991F5954D900257CB4 /* UIView+EasyFrame.m in Sources */,
				FBE17FB61F5954D900257CB4 /* ZCPListTableViewAdaptor.m in Sources */,
				FBE17FC01F5954D900257CB4 /* ZCPNavigator.m in Sources */,
				FBE17FBC1F5954D900257CB4 /* ZCPBaseNavigator.m in Sources */,
				FBE17F9E1F5954D900257CB4 /* ZCPNavigationController.m in Sources */,
				FBE17F971F5954D900257CB4 /* UIView+Category.m in Sources */,
				FBE17FCB1F5954D900257CB4 /* ZCPButtonCell.m in Sources */,
				FBE17FB21F5954D900257CB4 /* ZCPResponseDataModel.m in Sources */,
				FBE17FAA1F5954D900257CB4 /* ZCPNetworkDataConstructor.m in Sources */,
				FBE17FDD1F5954D900257CB4 /* ZCPOptionView.m in Sources */,
				FBE17FA81F5954D900257CB4 /* ZCPBasicDataConstructor.m in Sources */,
				FBE17FDF1F5954D900257CB4 /* ZCPPickerView.m in Sources */,
				FBE17FC31F5954D900257CB4 /* ZCPRequestCertificateManager.m in Sources */,
				FBE17F931F5954D900257CB4 /* UIColor+Category.m in Sources */,
			);
			runOnlyForDeploymentPostprocessing = 0;
		};
		FBE17F021F5954B200257CB4 /* Sources */ = {
			isa = PBXSourcesBuildPhase;
			buildActionMask = 2147483647;
			files = (
				FBE17F0C1F5954B200257CB4 /* ZCPKitTests.m in Sources */,
			);
			runOnlyForDeploymentPostprocessing = 0;
		};
/* End PBXSourcesBuildPhase section */

/* Begin PBXTargetDependency section */
		FBE17F091F5954B200257CB4 /* PBXTargetDependency */ = {
			isa = PBXTargetDependency;
			target = FBE17EFC1F5954B200257CB4 /* ZCPKit */;
			targetProxy = FBE17F081F5954B200257CB4 /* PBXContainerItemProxy */;
		};
/* End PBXTargetDependency section */

/* Begin XCBuildConfiguration section */
		FBE17F0F1F5954B200257CB4 /* Debug */ = {
			isa = XCBuildConfiguration;
			buildSettings = {
				ALWAYS_SEARCH_USER_PATHS = NO;
				CLANG_ANALYZER_NONNULL = YES;
				CLANG_ANALYZER_NUMBER_OBJECT_CONVERSION = YES_AGGRESSIVE;
				CLANG_CXX_LANGUAGE_STANDARD = "gnu++14";
				CLANG_CXX_LIBRARY = "libc++";
				CLANG_ENABLE_MODULES = YES;
				CLANG_ENABLE_OBJC_ARC = YES;
				CLANG_WARN_BLOCK_CAPTURE_AUTORELEASING = YES;
				CLANG_WARN_BOOL_CONVERSION = YES;
				CLANG_WARN_COMMA = YES;
				CLANG_WARN_CONSTANT_CONVERSION = YES;
				CLANG_WARN_DIRECT_OBJC_ISA_USAGE = YES_ERROR;
				CLANG_WARN_DOCUMENTATION_COMMENTS = YES;
				CLANG_WARN_EMPTY_BODY = YES;
				CLANG_WARN_ENUM_CONVERSION = YES;
				CLANG_WARN_INFINITE_RECURSION = YES;
				CLANG_WARN_INT_CONVERSION = YES;
				CLANG_WARN_NON_LITERAL_NULL_CONVERSION = YES;
				CLANG_WARN_OBJC_LITERAL_CONVERSION = YES;
				CLANG_WARN_OBJC_ROOT_CLASS = YES_ERROR;
				CLANG_WARN_RANGE_LOOP_ANALYSIS = YES;
				CLANG_WARN_STRICT_PROTOTYPES = YES;
				CLANG_WARN_SUSPICIOUS_MOVE = YES;
				CLANG_WARN_UNGUARDED_AVAILABILITY = YES_AGGRESSIVE;
				CLANG_WARN_UNREACHABLE_CODE = YES;
				CLANG_WARN__DUPLICATE_METHOD_MATCH = YES;
				CODE_SIGN_IDENTITY = "iPhone Developer";
				COPY_PHASE_STRIP = NO;
				CURRENT_PROJECT_VERSION = 1;
				DEBUG_INFORMATION_FORMAT = dwarf;
				ENABLE_STRICT_OBJC_MSGSEND = YES;
				ENABLE_TESTABILITY = YES;
				GCC_C_LANGUAGE_STANDARD = gnu11;
				GCC_DYNAMIC_NO_PIC = NO;
				GCC_NO_COMMON_BLOCKS = YES;
				GCC_OPTIMIZATION_LEVEL = 0;
				GCC_PREPROCESSOR_DEFINITIONS = (
					"DEBUG=1",
					"$(inherited)",
				);
				GCC_WARN_64_TO_32_BIT_CONVERSION = YES;
				GCC_WARN_ABOUT_RETURN_TYPE = YES_ERROR;
				GCC_WARN_UNDECLARED_SELECTOR = YES;
				GCC_WARN_UNINITIALIZED_AUTOS = YES_AGGRESSIVE;
				GCC_WARN_UNUSED_FUNCTION = YES;
				GCC_WARN_UNUSED_VARIABLE = YES;
				IPHONEOS_DEPLOYMENT_TARGET = 11.0;
				MTL_ENABLE_DEBUG_INFO = YES;
				ONLY_ACTIVE_ARCH = YES;
				SDKROOT = iphoneos;
				VERSIONING_SYSTEM = "apple-generic";
				VERSION_INFO_PREFIX = "";
			};
			name = Debug;
		};
		FBE17F101F5954B200257CB4 /* Release */ = {
			isa = XCBuildConfiguration;
			buildSettings = {
				ALWAYS_SEARCH_USER_PATHS = NO;
				CLANG_ANALYZER_NONNULL = YES;
				CLANG_ANALYZER_NUMBER_OBJECT_CONVERSION = YES_AGGRESSIVE;
				CLANG_CXX_LANGUAGE_STANDARD = "gnu++14";
				CLANG_CXX_LIBRARY = "libc++";
				CLANG_ENABLE_MODULES = YES;
				CLANG_ENABLE_OBJC_ARC = YES;
				CLANG_WARN_BLOCK_CAPTURE_AUTORELEASING = YES;
				CLANG_WARN_BOOL_CONVERSION = YES;
				CLANG_WARN_COMMA = YES;
				CLANG_WARN_CONSTANT_CONVERSION = YES;
				CLANG_WARN_DIRECT_OBJC_ISA_USAGE = YES_ERROR;
				CLANG_WARN_DOCUMENTATION_COMMENTS = YES;
				CLANG_WARN_EMPTY_BODY = YES;
				CLANG_WARN_ENUM_CONVERSION = YES;
				CLANG_WARN_INFINITE_RECURSION = YES;
				CLANG_WARN_INT_CONVERSION = YES;
				CLANG_WARN_NON_LITERAL_NULL_CONVERSION = YES;
				CLANG_WARN_OBJC_LITERAL_CONVERSION = YES;
				CLANG_WARN_OBJC_ROOT_CLASS = YES_ERROR;
				CLANG_WARN_RANGE_LOOP_ANALYSIS = YES;
				CLANG_WARN_STRICT_PROTOTYPES = YES;
				CLANG_WARN_SUSPICIOUS_MOVE = YES;
				CLANG_WARN_UNGUARDED_AVAILABILITY = YES_AGGRESSIVE;
				CLANG_WARN_UNREACHABLE_CODE = YES;
				CLANG_WARN__DUPLICATE_METHOD_MATCH = YES;
				CODE_SIGN_IDENTITY = "iPhone Developer";
				COPY_PHASE_STRIP = NO;
				CURRENT_PROJECT_VERSION = 1;
				DEBUG_INFORMATION_FORMAT = "dwarf-with-dsym";
				ENABLE_NS_ASSERTIONS = NO;
				ENABLE_STRICT_OBJC_MSGSEND = YES;
				GCC_C_LANGUAGE_STANDARD = gnu11;
				GCC_NO_COMMON_BLOCKS = YES;
				GCC_WARN_64_TO_32_BIT_CONVERSION = YES;
				GCC_WARN_ABOUT_RETURN_TYPE = YES_ERROR;
				GCC_WARN_UNDECLARED_SELECTOR = YES;
				GCC_WARN_UNINITIALIZED_AUTOS = YES_AGGRESSIVE;
				GCC_WARN_UNUSED_FUNCTION = YES;
				GCC_WARN_UNUSED_VARIABLE = YES;
				IPHONEOS_DEPLOYMENT_TARGET = 11.0;
				MTL_ENABLE_DEBUG_INFO = NO;
				SDKROOT = iphoneos;
				VALIDATE_PRODUCT = YES;
				VERSIONING_SYSTEM = "apple-generic";
				VERSION_INFO_PREFIX = "";
			};
			name = Release;
		};
		FBE17F121F5954B200257CB4 /* Debug */ = {
			isa = XCBuildConfiguration;
			buildSettings = {
				CODE_SIGN_IDENTITY = "";
				DEFINES_MODULE = YES;
				DEVELOPMENT_TEAM = WG5B567WWS;
				DYLIB_COMPATIBILITY_VERSION = 1;
				DYLIB_CURRENT_VERSION = 1;
				DYLIB_INSTALL_NAME_BASE = "@rpath";
				GCC_PREFIX_HEADER = ZCPKit/ZCPKit.pch;
				INFOPLIST_FILE = ZCPKit/Info.plist;
				INSTALL_PATH = "$(LOCAL_LIBRARY_DIR)/Frameworks";
				IPHONEOS_DEPLOYMENT_TARGET = 8.0;
				LD_RUNPATH_SEARCH_PATHS = "$(inherited) @executable_path/Frameworks @loader_path/Frameworks";
				MACH_O_TYPE = staticlib;
				PRODUCT_BUNDLE_IDENTIFIER = com.zcp.ZCPKit;
				PRODUCT_NAME = "$(TARGET_NAME:c99extidentifier)";
				SKIP_INSTALL = YES;
				TARGETED_DEVICE_FAMILY = "1,2";
			};
			name = Debug;
		};
		FBE17F131F5954B200257CB4 /* Release */ = {
			isa = XCBuildConfiguration;
			buildSettings = {
				CODE_SIGN_IDENTITY = "";
				DEFINES_MODULE = YES;
				DEVELOPMENT_TEAM = WG5B567WWS;
				DYLIB_COMPATIBILITY_VERSION = 1;
				DYLIB_CURRENT_VERSION = 1;
				DYLIB_INSTALL_NAME_BASE = "@rpath";
				GCC_PREFIX_HEADER = ZCPKit/ZCPKit.pch;
				INFOPLIST_FILE = ZCPKit/Info.plist;
				INSTALL_PATH = "$(LOCAL_LIBRARY_DIR)/Frameworks";
				IPHONEOS_DEPLOYMENT_TARGET = 8.0;
				LD_RUNPATH_SEARCH_PATHS = "$(inherited) @executable_path/Frameworks @loader_path/Frameworks";
				MACH_O_TYPE = staticlib;
				PRODUCT_BUNDLE_IDENTIFIER = com.zcp.ZCPKit;
				PRODUCT_NAME = "$(TARGET_NAME:c99extidentifier)";
				SKIP_INSTALL = YES;
				TARGETED_DEVICE_FAMILY = "1,2";
			};
			name = Release;
		};
		FBE17F151F5954B200257CB4 /* Debug */ = {
			isa = XCBuildConfiguration;
			buildSettings = {
				DEVELOPMENT_TEAM = WG5B567WWS;
				INFOPLIST_FILE = ZCPKitTests/Info.plist;
				LD_RUNPATH_SEARCH_PATHS = "$(inherited) @executable_path/Frameworks @loader_path/Frameworks";
				PRODUCT_BUNDLE_IDENTIFIER = com.zcp.ZCPKitTests;
				PRODUCT_NAME = "$(TARGET_NAME)";
				TARGETED_DEVICE_FAMILY = "1,2";
			};
			name = Debug;
		};
		FBE17F161F5954B200257CB4 /* Release */ = {
			isa = XCBuildConfiguration;
			buildSettings = {
				DEVELOPMENT_TEAM = WG5B567WWS;
				INFOPLIST_FILE = ZCPKitTests/Info.plist;
				LD_RUNPATH_SEARCH_PATHS = "$(inherited) @executable_path/Frameworks @loader_path/Frameworks";
				PRODUCT_BUNDLE_IDENTIFIER = com.zcp.ZCPKitTests;
				PRODUCT_NAME = "$(TARGET_NAME)";
				TARGETED_DEVICE_FAMILY = "1,2";
			};
			name = Release;
		};
/* End XCBuildConfiguration section */

/* Begin XCConfigurationList section */
		FBE17EF71F5954B200257CB4 /* Build configuration list for PBXProject "ZCPKit" */ = {
			isa = XCConfigurationList;
			buildConfigurations = (
				FBE17F0F1F5954B200257CB4 /* Debug */,
				FBE17F101F5954B200257CB4 /* Release */,
			);
			defaultConfigurationIsVisible = 0;
			defaultConfigurationName = Release;
		};
		FBE17F111F5954B200257CB4 /* Build configuration list for PBXNativeTarget "ZCPKit" */ = {
			isa = XCConfigurationList;
			buildConfigurations = (
				FBE17F121F5954B200257CB4 /* Debug */,
				FBE17F131F5954B200257CB4 /* Release */,
			);
			defaultConfigurationIsVisible = 0;
			defaultConfigurationName = Release;
		};
		FBE17F141F5954B200257CB4 /* Build configuration list for PBXNativeTarget "ZCPKitTests" */ = {
			isa = XCConfigurationList;
			buildConfigurations = (
				FBE17F151F5954B200257CB4 /* Debug */,
				FBE17F161F5954B200257CB4 /* Release */,
			);
			defaultConfigurationIsVisible = 0;
			defaultConfigurationName = Release;
		};
/* End XCConfigurationList section */
	};
	rootObject = FBE17EF41F5954B200257CB4 /* Project object */;
}
